// !$*UTF8*$!
{
	archiveVersion = 1;
	classes = {
	};
	objectVersion = 46;
	objects = {

/* Begin PBXAggregateTarget section */
		40C13D2D19704834008307A1 /* AllEvioTool */ = {
			isa = PBXAggregateTarget;
			buildConfigurationList = 40C13D3019704834008307A1 /* Build configuration list for PBXAggregateTarget "AllEvioTool" */;
			buildPhases = (
			);
			dependencies = (
				40D968AD21C92C9F0075DF34 /* PBXTargetDependency */,
				40D968AB21C92C940075DF34 /* PBXTargetDependency */,
				40C13D3219704840008307A1 /* PBXTargetDependency */,
				40C13D3419704840008307A1 /* PBXTargetDependency */,
				40C13D3619704840008307A1 /* PBXTargetDependency */,
				40C13D3819704840008307A1 /* PBXTargetDependency */,
			);
			name = AllEvioTool;
			productName = AllEvioTool;
		};
/* End PBXAggregateTarget section */

/* Begin PBXBuildFile section */
		402FB1C021CAC18B00E80AE2 /* EvioTool.h in Sources */ = {isa = PBXBuildFile; fileRef = 40E49D0519034D3E00390847 /* EvioTool.h */; };
		40800C5221CC05D100C2D6BC /* Leaf.h in Sources */ = {isa = PBXBuildFile; fileRef = 40C7638A1ABCED7100410152 /* Leaf.h */; };
		40C763861ABCECA400410152 /* EvioParser.cc in Sources */ = {isa = PBXBuildFile; fileRef = 40C763831ABCECA400410152 /* EvioParser.cc */; };
		40C763871ABCECA400410152 /* EvioParser.h in Headers */ = {isa = PBXBuildFile; fileRef = 40C763841ABCECA400410152 /* EvioParser.h */; };
		40C7638C1ABCED7100410152 /* Leaf.cc in Sources */ = {isa = PBXBuildFile; fileRef = 40C763891ABCED7100410152 /* Leaf.cc */; };
		40C7638D1ABCED7100410152 /* Leaf.h in Headers */ = {isa = PBXBuildFile; fileRef = 40C7638A1ABCED7100410152 /* Leaf.h */; };
		40C763921ABCED8600410152 /* Bank.cc in Sources */ = {isa = PBXBuildFile; fileRef = 40C7638F1ABCED8600410152 /* Bank.cc */; };
		40C763931ABCED8600410152 /* Bank.h in Headers */ = {isa = PBXBuildFile; fileRef = 40C763901ABCED8600410152 /* Bank.h */; };
		40D9689121C85DD10075DF34 /* libevio-4.4.5.a in Frameworks */ = {isa = PBXBuildFile; fileRef = 40D9686E21C857260075DF34 /* libevio-4.4.5.a */; };
		40D9689421C860D60075DF34 /* libet-14.0.a in Frameworks */ = {isa = PBXBuildFile; fileRef = 40D9687F21C857400075DF34 /* libet-14.0.a */; };
		40D968A321C890F10075DF34 /* libet-14.0.a in Frameworks */ = {isa = PBXBuildFile; fileRef = 40D9687F21C857400075DF34 /* libet-14.0.a */; };
		40D968A421C890F70075DF34 /* libevio-4.4.5.a in Frameworks */ = {isa = PBXBuildFile; fileRef = 40D9686E21C857260075DF34 /* libevio-4.4.5.a */; };
		40D968A521C8914D0075DF34 /* libet-14.0.a in Frameworks */ = {isa = PBXBuildFile; fileRef = 40D9687F21C857400075DF34 /* libet-14.0.a */; };
		40D968A621C891580075DF34 /* libevio-4.4.5.a in Frameworks */ = {isa = PBXBuildFile; fileRef = 40D9686E21C857260075DF34 /* libevio-4.4.5.a */; };
		40E49D0819034D3E00390847 /* EvioTool.cc in Sources */ = {isa = PBXBuildFile; fileRef = 40E49D0719034D3E00390847 /* EvioTool.cc */; };
		40E6BFED1917E1F400BF03CA /* et_evio_blaster.cc in Sources */ = {isa = PBXBuildFile; fileRef = 40E6BFEC1917E1F400BF03CA /* et_evio_blaster.cc */; };
		40E6BFEF1917E1F400BF03CA /* et_evio_blaster.1 in CopyFiles */ = {isa = PBXBuildFile; fileRef = 40E6BFEE1917E1F400BF03CA /* et_evio_blaster.1 */; };
		40E7461D191B0228008E4235 /* EvioEvent.cc in Sources */ = {isa = PBXBuildFile; fileRef = 40E7461B191B0228008E4235 /* EvioEvent.cc */; };
		40E7461E191B0228008E4235 /* EvioEvent.h in Headers */ = {isa = PBXBuildFile; fileRef = 40E7461C191B0228008E4235 /* EvioEvent.h */; };
		40E74628191B0BFC008E4235 /* EvioTool_Test.1 in CopyFiles */ = {isa = PBXBuildFile; fileRef = 40E74627191B0BFC008E4235 /* EvioTool_Test.1 */; };
		40E74638191DA8F0008E4235 /* et_evio_test_consumer.cc in Sources */ = {isa = PBXBuildFile; fileRef = 40E74637191DA8F0008E4235 /* et_evio_test_consumer.cc */; };
		40E7463A191DA8F0008E4235 /* et_evio_test_consumer.1 in CopyFiles */ = {isa = PBXBuildFile; fileRef = 40E74639191DA8F0008E4235 /* et_evio_test_consumer.1 */; };
		40E746761923E2EE008E4235 /* EvioTool_Test.cc in Sources */ = {isa = PBXBuildFile; fileRef = 40E74625191B0BFC008E4235 /* EvioTool_Test.cc */; };
		40E746821923E3DF008E4235 /* libEvioTool.dylib in Frameworks */ = {isa = PBXBuildFile; fileRef = 40E49CFE19034D3E00390847 /* libEvioTool.dylib */; };
/* End PBXBuildFile section */

/* Begin PBXBuildRule section */
		400D8BC1190F337100416CD8 /* PBXBuildRule */ = {
			isa = PBXBuildRule;
			compilerSpec = com.apple.compilers.proxy.script;
			filePatterns = "*xxx.h";
			fileType = pattern.proxy;
			isEditable = 1;
			outputFiles = (
				"$(DERIVED_FILE_DIR)/$(INPUT_FILE_BASE)_Dict.cpp",
				"$(DERIVED_FILE_DIR)/$(INPUT_FILE_BASE)_Dict_rdict.pcm",
			);
			script = "echo ${ROOTSYS}/bin/rootcint -f ${DERIVED_FILE_DIR}/${INPUT_FILE_BASE}_Dict.cpp -c -I${HEADER_SEARCH_PATHS// / -I} ${INPUT_FILE_DIR}/${INPUT_FILE_BASE}_Linkdef.h ${INPUT_FILE_PATH}\n${ROOTSYS}/bin/rootcint -f ${DERIVED_FILE_DIR}/${INPUT_FILE_BASE}_Dict.cpp -c -I${HEADER_SEARCH_PATHS// / -I} ${INPUT_FILE_DIR}/${INPUT_FILE_BASE}_Linkdef.h ${INPUT_FILE_PATH}\n${ROOTSYS}/bin/rootcint -f ${DERIVED_FILE_DIR}/${INPUT_FILE_BASE}_Dict.cpp -c -I${HEADER_SEARCH_PATHS// / -I}  ${INPUT_FILE_PATH} ${INPUT_FILE_DIR}/${INPUT_FILE_BASE}_Linkdef.h\n";
		};
		40FCDEC821C9336100DFF96C /* PBXBuildRule */ = {
			isa = PBXBuildRule;
			compilerSpec = com.apple.compilers.proxy.script;
			filePatterns = "*.h";
			fileType = pattern.proxy;
			isEditable = 1;
			outputFiles = (
				"$(DERIVED_FILE_DIR)/$(INPUT_FILE_BASE)Dict_rdict.pcm",
				"$(DERIVED_FILE_DIR)/$(INPUT_FILE_BASE)Dict.cpp",
			);
			script = "# This rule creates the dictionaries for a ROOT based library.\n# As input it needs the header file for the class that needs a dictionary, i.e. myclass.h\n# Each of these header files needs a \"LinkDef\" file: <myclass>_LinkDef.h\n# If you want multiple classes, with separate headers, in one dictionary file,\n# then either created a <combined>.h and <combined>_LinkDef.h where the <combined>.h includes\n# all the needed headers (suggestion would be to call this <target name>Def.h)\n# OR include all other classes in the <target>.h\n#\n# The output will be <myclass>Dict.cpp and <myclass>Dict_rdict.pcm\n# The cpp files must be compiled and included in the library. The rdict.pcm must be copied\n# to the install location of the library.\n#\n# The script depends on ROOTSYS being defined in the project.\n#\n# export\nOUTFILES_LOCATION=${DERIVED_FILE_DIR}\nLINKDEF_FILE=${INPUT_FILE_BASE}_LinkDef.h\necho \"INPUT_FILE_PATH: \" ${INPUT_FILE_PATH} \necho \"Dictionary created in: \" ${OUTFILES_LOCATION}\necho \"INPUT_FILE_BASE = \" ${INPUT_FILE_BASE}\necho \"INSTALL_DIR\" = ${INSTALL_DIR}\n#\necho ${ROOTSYS}/bin/rootcling -f ${OUTFILES_LOCATION}/${INPUT_FILE_BASE}Dict.cpp -c -p -I${HEADER_SEARCH_PATHS// / -I} ${INPUT_FILE_PATH}  ${INPUT_FILE_DIR}/${LINKDEF_FILE}\n${ROOTSYS}/bin/rootcling -f ${OUTFILES_LOCATION}/${INPUT_FILE_BASE}Dict.cpp -c -p -I${HEADER_SEARCH_PATHS// / -I} ${INPUT_FILE_PATH}  ${INPUT_FILE_DIR}/${LINKDEF_FILE}\n#\n# For ROOT 6 copy the pcm file to the LIB install path.\n#\ntest -d ${DYLIB_INSTALL_NAME_BASE} || mkdir -p ${DYLIB_INSTALL_NAME_BASE}\ntest -d ${BUILT_PRODUCTS_DIR} || mkdir -p ${BUILT_PRODUCTS_DIR}\n# ls ${DERIVED_FILE_DIR}\n# This puts the pcm files in the ${DSTROOT}/${INSTALL_PATH} directory.\nif test -r ${OUTFILES_LOCATION}/${INPUT_FILE_BASE}Dict_rdict.pcm; then cp -f ${OUTFILES_LOCATION}/${INPUT_FILE_BASE}Dict_rdict.pcm ${DYLIB_INSTALL_NAME_BASE}/${INPUT_FILE_BASE}Dict_rdict.pcm; echo \"Copied: \" ${OUTFILES_LOCATION}/${INPUT_FILE_BASE}Dict_rdict.pcm ${DYLIB_INSTALL_NAME_BASE}/${INPUT_FILE_BASE}Dict_rdict.pcm ; fi\n# This send the pcm files to to build product dir\nif test -r ${OUTFILES_LOCATION}/${INPUT_FILE_BASE}Dict_rdict.pcm; then cp -f ${OUTFILES_LOCATION}/${INPUT_FILE_BASE}Dict_rdict.pcm ${BUILT_PRODUCTS_DIR}/${INPUT_FILE_BASE}Dict_rdict.pcm; echo \"Copied:\" cp -f ${OUTFILES_LOCATION}/${INPUT_FILE_BASE}Dict_rdict.pcm   ${BUILT_PRODUCTS_DIR}/${INPUT_FILE_BASE}Dict_rdict.pcm; fi\n";
		};
/* End PBXBuildRule section */

/* Begin PBXContainerItemProxy section */
		40C13D3119704840008307A1 /* PBXContainerItemProxy */ = {
			isa = PBXContainerItemProxy;
			containerPortal = 40E49CF619034D3E00390847 /* Project object */;
			proxyType = 1;
			remoteGlobalIDString = 40E49CFD19034D3E00390847;
			remoteInfo = EvioTool;
		};
		40C13D3319704840008307A1 /* PBXContainerItemProxy */ = {
			isa = PBXContainerItemProxy;
			containerPortal = 40E49CF619034D3E00390847 /* Project object */;
			proxyType = 1;
			remoteGlobalIDString = 40E6BFE91917E1F400BF03CA;
			remoteInfo = et_evio_blaster;
		};
		40C13D3519704840008307A1 /* PBXContainerItemProxy */ = {
			isa = PBXContainerItemProxy;
			containerPortal = 40E49CF619034D3E00390847 /* Project object */;
			proxyType = 1;
			remoteGlobalIDString = 40E74622191B0BFC008E4235;
			remoteInfo = EvioTool_Test;
		};
		40C13D3719704840008307A1 /* PBXContainerItemProxy */ = {
			isa = PBXContainerItemProxy;
			containerPortal = 40E49CF619034D3E00390847 /* Project object */;
			proxyType = 1;
			remoteGlobalIDString = 40E74634191DA8F0008E4235;
			remoteInfo = et_evio_test_consumer;
		};
		40D9686B21C857260075DF34 /* PBXContainerItemProxy */ = {
			isa = PBXContainerItemProxy;
			containerPortal = 40D9686621C857260075DF34 /* evio-4.4.5.xcodeproj */;
			proxyType = 2;
			remoteGlobalIDString = 40E49D81190494FE00390847;
			remoteInfo = "evio-4.4.5";
		};
		40D9686D21C857260075DF34 /* PBXContainerItemProxy */ = {
			isa = PBXContainerItemProxy;
			containerPortal = 40D9686621C857260075DF34 /* evio-4.4.5.xcodeproj */;
			proxyType = 2;
			remoteGlobalIDString = 40CB86341A75C0AB00A3EE12;
			remoteInfo = "evio-4.4.5-static";
		};
		40D9687C21C857400075DF34 /* PBXContainerItemProxy */ = {
			isa = PBXContainerItemProxy;
			containerPortal = 40D9686F21C857400075DF34 /* et-14.0.xcodeproj */;
			proxyType = 2;
			remoteGlobalIDString = 40907ED519128223004B41EB;
			remoteInfo = "et-14.0";
		};
		40D9687E21C857400075DF34 /* PBXContainerItemProxy */ = {
			isa = PBXContainerItemProxy;
			containerPortal = 40D9686F21C857400075DF34 /* et-14.0.xcodeproj */;
			proxyType = 2;
			remoteGlobalIDString = 401CBA851AF1A7D4000E393E;
			remoteInfo = "et-14.0 Static";
		};
		40D9688021C857400075DF34 /* PBXContainerItemProxy */ = {
			isa = PBXContainerItemProxy;
			containerPortal = 40D9686F21C857400075DF34 /* et-14.0.xcodeproj */;
			proxyType = 2;
			remoteGlobalIDString = 40907F5719128A69004B41EB;
			remoteInfo = "et-remote";
		};
		40D9688221C857400075DF34 /* PBXContainerItemProxy */ = {
			isa = PBXContainerItemProxy;
			containerPortal = 40D9686F21C857400075DF34 /* et-14.0.xcodeproj */;
			proxyType = 2;
			remoteGlobalIDString = 40907F7019128B9F004B41EB;
			remoteInfo = "et-jni";
		};
		40D9688421C857400075DF34 /* PBXContainerItemProxy */ = {
			isa = PBXContainerItemProxy;
			containerPortal = 40D9686F21C857400075DF34 /* et-14.0.xcodeproj */;
			proxyType = 2;
			remoteGlobalIDString = 40E6BEE8191318A900BF03CA;
			remoteInfo = et_start;
		};
		40D9688621C857400075DF34 /* PBXContainerItemProxy */ = {
			isa = PBXContainerItemProxy;
			containerPortal = 40D9686F21C857400075DF34 /* et-14.0.xcodeproj */;
			proxyType = 2;
			remoteGlobalIDString = 40E6BFA919131B5700BF03CA;
			remoteInfo = et_monitor;
		};
		40D9688821C857400075DF34 /* PBXContainerItemProxy */ = {
			isa = PBXContainerItemProxy;
			containerPortal = 40D9686F21C857400075DF34 /* et-14.0.xcodeproj */;
			proxyType = 2;
			remoteGlobalIDString = 40E6BFBA19131BC800BF03CA;
			remoteInfo = et_producer;
		};
		40D9688A21C857400075DF34 /* PBXContainerItemProxy */ = {
			isa = PBXContainerItemProxy;
			containerPortal = 40D9686F21C857400075DF34 /* et-14.0.xcodeproj */;
			proxyType = 2;
			remoteGlobalIDString = 40E6BFCB1915D32500BF03CA;
			remoteInfo = et_producer1;
		};
		40D9688C21C857400075DF34 /* PBXContainerItemProxy */ = {
			isa = PBXContainerItemProxy;
			containerPortal = 40D9686F21C857400075DF34 /* et-14.0.xcodeproj */;
			proxyType = 2;
			remoteGlobalIDString = 40E7464219228068008E4235;
			remoteInfo = et_consumer;
		};
		40D968AA21C92C940075DF34 /* PBXContainerItemProxy */ = {
			isa = PBXContainerItemProxy;
			containerPortal = 40D9686621C857260075DF34 /* evio-4.4.5.xcodeproj */;
			proxyType = 1;
			remoteGlobalIDString = 40E49D80190494FE00390847;
			remoteInfo = "evio-4.4.5";
		};
		40D968AC21C92C9F0075DF34 /* PBXContainerItemProxy */ = {
			isa = PBXContainerItemProxy;
			containerPortal = 40D9686621C857260075DF34 /* evio-4.4.5.xcodeproj */;
			proxyType = 1;
			remoteGlobalIDString = 40CB86161A75C0AB00A3EE12;
			remoteInfo = "evio-4.4.5-static";
		};
		40E74619191B0198008E4235 /* PBXContainerItemProxy */ = {
			isa = PBXContainerItemProxy;
			containerPortal = 40E49CF619034D3E00390847 /* Project object */;
			proxyType = 1;
			remoteGlobalIDString = 40E49CFD19034D3E00390847;
			remoteInfo = EvioTool;
		};
		40E7462F191BD2EC008E4235 /* PBXContainerItemProxy */ = {
			isa = PBXContainerItemProxy;
			containerPortal = 40E49CF619034D3E00390847 /* Project object */;
			proxyType = 1;
			remoteGlobalIDString = 40E49CFD19034D3E00390847;
			remoteInfo = EvioTool;
		};
/* End PBXContainerItemProxy section */

/* Begin PBXCopyFilesBuildPhase section */
		40E6BFE81917E1F400BF03CA /* CopyFiles */ = {
			isa = PBXCopyFilesBuildPhase;
			buildActionMask = 2147483647;
			dstPath = /usr/share/man/man1/;
			dstSubfolderSpec = 0;
			files = (
				40E6BFEF1917E1F400BF03CA /* et_evio_blaster.1 in CopyFiles */,
			);
			runOnlyForDeploymentPostprocessing = 1;
		};
		40E74621191B0BFC008E4235 /* CopyFiles */ = {
			isa = PBXCopyFilesBuildPhase;
			buildActionMask = 2147483647;
			dstPath = /usr/share/man/man1/;
			dstSubfolderSpec = 0;
			files = (
				40E74628191B0BFC008E4235 /* EvioTool_Test.1 in CopyFiles */,
			);
			runOnlyForDeploymentPostprocessing = 1;
		};
		40E74633191DA8F0008E4235 /* CopyFiles */ = {
			isa = PBXCopyFilesBuildPhase;
			buildActionMask = 2147483647;
			dstPath = /usr/share/man/man1/;
			dstSubfolderSpec = 0;
			files = (
				40E7463A191DA8F0008E4235 /* et_evio_test_consumer.1 in CopyFiles */,
			);
			runOnlyForDeploymentPostprocessing = 1;
		};
/* End PBXCopyFilesBuildPhase section */

/* Begin PBXFileReference section */
		402FB1BF21CAC06200E80AE2 /* Leaf_LinkDef.h */ = {isa = PBXFileReference; lastKnownFileType = sourcecode.c.h; path = Leaf_LinkDef.h; sourceTree = "<group>"; };
		40C763831ABCECA400410152 /* EvioParser.cc */ = {isa = PBXFileReference; fileEncoding = 4; lastKnownFileType = sourcecode.cpp.cpp; path = EvioParser.cc; sourceTree = "<group>"; };
		40C763841ABCECA400410152 /* EvioParser.h */ = {isa = PBXFileReference; fileEncoding = 4; lastKnownFileType = sourcecode.c.h; path = EvioParser.h; sourceTree = "<group>"; };
		40C763891ABCED7100410152 /* Leaf.cc */ = {isa = PBXFileReference; fileEncoding = 4; lastKnownFileType = sourcecode.cpp.cpp; path = Leaf.cc; sourceTree = "<group>"; };
		40C7638A1ABCED7100410152 /* Leaf.h */ = {isa = PBXFileReference; fileEncoding = 4; lastKnownFileType = sourcecode.c.h; path = Leaf.h; sourceTree = "<group>"; };
		40C7638F1ABCED8600410152 /* Bank.cc */ = {isa = PBXFileReference; fileEncoding = 4; lastKnownFileType = sourcecode.cpp.cpp; path = Bank.cc; sourceTree = "<group>"; };
		40C763901ABCED8600410152 /* Bank.h */ = {isa = PBXFileReference; fileEncoding = 4; lastKnownFileType = sourcecode.c.h; path = Bank.h; sourceTree = "<group>"; };
		40D9686621C857260075DF34 /* evio-4.4.5.xcodeproj */ = {isa = PBXFileReference; lastKnownFileType = "wrapper.pb-project"; name = "evio-4.4.5.xcodeproj"; path = "evio-4.4.5/evio-4.4.5.xcodeproj"; sourceTree = "<group>"; };
		40D9686F21C857400075DF34 /* et-14.0.xcodeproj */ = {isa = PBXFileReference; lastKnownFileType = "wrapper.pb-project"; name = "et-14.0.xcodeproj"; path = "et-14.0/et-14.0.xcodeproj"; sourceTree = "<group>"; };
		40E49CFE19034D3E00390847 /* libEvioTool.dylib */ = {isa = PBXFileReference; explicitFileType = "compiled.mach-o.dylib"; includeInIndex = 0; path = libEvioTool.dylib; sourceTree = BUILT_PRODUCTS_DIR; };
		40E49D0519034D3E00390847 /* EvioTool.h */ = {isa = PBXFileReference; lastKnownFileType = sourcecode.c.h; path = EvioTool.h; sourceTree = "<group>"; };
		40E49D0719034D3E00390847 /* EvioTool.cc */ = {isa = PBXFileReference; lastKnownFileType = sourcecode.cpp.cpp; path = EvioTool.cc; sourceTree = "<group>"; };
		40E49D1119044F4B00390847 /* EvioTool_LinkDef.h */ = {isa = PBXFileReference; lastKnownFileType = sourcecode.c.h; path = EvioTool_LinkDef.h; sourceTree = "<group>"; };
		40E6BFEA1917E1F400BF03CA /* et_evio_blaster */ = {isa = PBXFileReference; explicitFileType = "compiled.mach-o.executable"; includeInIndex = 0; path = et_evio_blaster; sourceTree = BUILT_PRODUCTS_DIR; };
		40E6BFEC1917E1F400BF03CA /* et_evio_blaster.cc */ = {isa = PBXFileReference; lastKnownFileType = sourcecode.cpp.cpp; path = et_evio_blaster.cc; sourceTree = "<group>"; };
		40E6BFEE1917E1F400BF03CA /* et_evio_blaster.1 */ = {isa = PBXFileReference; lastKnownFileType = text.man; path = et_evio_blaster.1; sourceTree = "<group>"; };
		40E74617191826B8008E4235 /* EvioTool.xcconfig */ = {isa = PBXFileReference; lastKnownFileType = text.xcconfig; path = EvioTool.xcconfig; sourceTree = "<group>"; };
		40E74618191826EB008E4235 /* programs.xcconfig */ = {isa = PBXFileReference; lastKnownFileType = text.xcconfig; path = programs.xcconfig; sourceTree = "<group>"; };
		40E7461B191B0228008E4235 /* EvioEvent.cc */ = {isa = PBXFileReference; fileEncoding = 4; lastKnownFileType = sourcecode.cpp.cpp; path = EvioEvent.cc; sourceTree = "<group>"; };
		40E7461C191B0228008E4235 /* EvioEvent.h */ = {isa = PBXFileReference; fileEncoding = 4; lastKnownFileType = sourcecode.c.h; path = EvioEvent.h; sourceTree = "<group>"; };
		40E74623191B0BFC008E4235 /* EvioTool_Test */ = {isa = PBXFileReference; explicitFileType = "compiled.mach-o.executable"; includeInIndex = 0; path = EvioTool_Test; sourceTree = BUILT_PRODUCTS_DIR; };
		40E74625191B0BFC008E4235 /* EvioTool_Test.cc */ = {isa = PBXFileReference; lastKnownFileType = sourcecode.cpp.cpp; path = EvioTool_Test.cc; sourceTree = "<group>"; };
		40E74627191B0BFC008E4235 /* EvioTool_Test.1 */ = {isa = PBXFileReference; lastKnownFileType = text.man; path = EvioTool_Test.1; sourceTree = "<group>"; };
		40E7462D191B1323008E4235 /* EvioEvent_Linkdef.h */ = {isa = PBXFileReference; lastKnownFileType = sourcecode.c.h; path = EvioEvent_Linkdef.h; sourceTree = "<group>"; };
		40E74635191DA8F0008E4235 /* et_evio_test_consumer */ = {isa = PBXFileReference; explicitFileType = "compiled.mach-o.executable"; includeInIndex = 0; path = et_evio_test_consumer; sourceTree = BUILT_PRODUCTS_DIR; };
		40E74637191DA8F0008E4235 /* et_evio_test_consumer.cc */ = {isa = PBXFileReference; lastKnownFileType = sourcecode.cpp.cpp; path = et_evio_test_consumer.cc; sourceTree = "<group>"; };
		40E74639191DA8F0008E4235 /* et_evio_test_consumer.1 */ = {isa = PBXFileReference; lastKnownFileType = text.man; path = et_evio_test_consumer.1; sourceTree = "<group>"; };
/* End PBXFileReference section */

/* Begin PBXFrameworksBuildPhase section */
		40E49CFB19034D3E00390847 /* Frameworks */ = {
			isa = PBXFrameworksBuildPhase;
			buildActionMask = 2147483647;
			files = (
				40D9689421C860D60075DF34 /* libet-14.0.a in Frameworks */,
				40D9689121C85DD10075DF34 /* libevio-4.4.5.a in Frameworks */,
			);
			runOnlyForDeploymentPostprocessing = 0;
		};
		40E6BFE71917E1F400BF03CA /* Frameworks */ = {
			isa = PBXFrameworksBuildPhase;
			buildActionMask = 2147483647;
			files = (
				40D968A621C891580075DF34 /* libevio-4.4.5.a in Frameworks */,
				40D968A521C8914D0075DF34 /* libet-14.0.a in Frameworks */,
			);
			runOnlyForDeploymentPostprocessing = 0;
		};
		40E74620191B0BFC008E4235 /* Frameworks */ = {
			isa = PBXFrameworksBuildPhase;
			buildActionMask = 2147483647;
			files = (
				40E746821923E3DF008E4235 /* libEvioTool.dylib in Frameworks */,
			);
			runOnlyForDeploymentPostprocessing = 0;
		};
		40E74632191DA8F0008E4235 /* Frameworks */ = {
			isa = PBXFrameworksBuildPhase;
			buildActionMask = 2147483647;
			files = (
				40D968A421C890F70075DF34 /* libevio-4.4.5.a in Frameworks */,
				40D968A321C890F10075DF34 /* libet-14.0.a in Frameworks */,
			);
			runOnlyForDeploymentPostprocessing = 0;
		};
/* End PBXFrameworksBuildPhase section */

/* Begin PBXGroup section */
		409A4A1B19086D81001AF63B /* Config */ = {
			isa = PBXGroup;
			children = (
				40E74617191826B8008E4235 /* EvioTool.xcconfig */,
				40E74618191826EB008E4235 /* programs.xcconfig */,
			);
			name = Config;
			sourceTree = "<group>";
		};
		40D9686721C857260075DF34 /* Products */ = {
			isa = PBXGroup;
			children = (
				40D9686C21C857260075DF34 /* libevio-4.4.5.dylib */,
				40D9686E21C857260075DF34 /* libevio-4.4.5.a */,
			);
			name = Products;
			sourceTree = "<group>";
		};
		40D9687021C857400075DF34 /* Products */ = {
			isa = PBXGroup;
			children = (
				40D9687D21C857400075DF34 /* libet-14.0.dylib */,
				40D9687F21C857400075DF34 /* libet-14.0.a */,
				40D9688121C857400075DF34 /* libet-remote.dylib */,
				40D9688321C857400075DF34 /* libet-jni.dylib */,
				40D9688521C857400075DF34 /* et_start */,
				40D9688721C857400075DF34 /* et_monitor */,
				40D9688921C857400075DF34 /* et_producer */,
				40D9688B21C857400075DF34 /* et_producer1 */,
				40D9688D21C857400075DF34 /* et_consumer */,
			);
			name = Products;
			sourceTree = "<group>";
		};
		40D9689021C85DD10075DF34 /* Frameworks */ = {
			isa = PBXGroup;
			children = (
			);
			name = Frameworks;
			sourceTree = "<group>";
		};
		40E49CF519034D3E00390847 = {
			isa = PBXGroup;
			children = (
				40D9686621C857260075DF34 /* evio-4.4.5.xcodeproj */,
				40D9686F21C857400075DF34 /* et-14.0.xcodeproj */,
				409A4A1B19086D81001AF63B /* Config */,
				40E49D0019034D3E00390847 /* EvioTool */,
				40E6BFEB1917E1F400BF03CA /* et_evio_blaster */,
				40E74624191B0BFC008E4235 /* EvioTool_Test */,
				40E74636191DA8F0008E4235 /* et_evio_test_consumer */,
				40E49CFF19034D3E00390847 /* Products */,
				40D9689021C85DD10075DF34 /* Frameworks */,
			);
			sourceTree = "<group>";
		};
		40E49CFF19034D3E00390847 /* Products */ = {
			isa = PBXGroup;
			children = (
				40E49CFE19034D3E00390847 /* libEvioTool.dylib */,
				40E6BFEA1917E1F400BF03CA /* et_evio_blaster */,
				40E74623191B0BFC008E4235 /* EvioTool_Test */,
				40E74635191DA8F0008E4235 /* et_evio_test_consumer */,
			);
			name = Products;
			sourceTree = "<group>";
		};
		40E49D0019034D3E00390847 /* EvioTool */ = {
			isa = PBXGroup;
			children = (
				40C7638F1ABCED8600410152 /* Bank.cc */,
				40C763901ABCED8600410152 /* Bank.h */,
				40E7462D191B1323008E4235 /* EvioEvent_Linkdef.h */,
				40E7461B191B0228008E4235 /* EvioEvent.cc */,
				40E7461C191B0228008E4235 /* EvioEvent.h */,
				40C763831ABCECA400410152 /* EvioParser.cc */,
				40C763841ABCECA400410152 /* EvioParser.h */,
				40E49D0719034D3E00390847 /* EvioTool.cc */,
				40E49D1119044F4B00390847 /* EvioTool_LinkDef.h */,
				40E49D0519034D3E00390847 /* EvioTool.h */,
				402FB1BF21CAC06200E80AE2 /* Leaf_LinkDef.h */,
				40C763891ABCED7100410152 /* Leaf.cc */,
				40C7638A1ABCED7100410152 /* Leaf.h */,
			);
			path = EvioTool;
			sourceTree = "<group>";
		};
		40E6BFEB1917E1F400BF03CA /* et_evio_blaster */ = {
			isa = PBXGroup;
			children = (
				40E6BFEC1917E1F400BF03CA /* et_evio_blaster.cc */,
				40E6BFEE1917E1F400BF03CA /* et_evio_blaster.1 */,
			);
			path = et_evio_blaster;
			sourceTree = "<group>";
		};
		40E74624191B0BFC008E4235 /* EvioTool_Test */ = {
			isa = PBXGroup;
			children = (
				40E74625191B0BFC008E4235 /* EvioTool_Test.cc */,
				40E74627191B0BFC008E4235 /* EvioTool_Test.1 */,
			);
			path = EvioTool_Test;
			sourceTree = "<group>";
		};
		40E74636191DA8F0008E4235 /* et_evio_test_consumer */ = {
			isa = PBXGroup;
			children = (
				40E74637191DA8F0008E4235 /* et_evio_test_consumer.cc */,
				40E74639191DA8F0008E4235 /* et_evio_test_consumer.1 */,
			);
			path = et_evio_test_consumer;
			sourceTree = "<group>";
		};
/* End PBXGroup section */

/* Begin PBXHeadersBuildPhase section */
		40E49CFC19034D3E00390847 /* Headers */ = {
			isa = PBXHeadersBuildPhase;
			buildActionMask = 2147483647;
			files = (
				40C7638D1ABCED7100410152 /* Leaf.h in Headers */,
				40C763871ABCECA400410152 /* EvioParser.h in Headers */,
				40C763931ABCED8600410152 /* Bank.h in Headers */,
				40E7461E191B0228008E4235 /* EvioEvent.h in Headers */,
			);
			runOnlyForDeploymentPostprocessing = 0;
		};
/* End PBXHeadersBuildPhase section */

/* Begin PBXNativeTarget section */
		40E49CFD19034D3E00390847 /* EvioTool */ = {
			isa = PBXNativeTarget;
			buildConfigurationList = 40E49D0B19034D3E00390847 /* Build configuration list for PBXNativeTarget "EvioTool" */;
			buildPhases = (
				40E49CFA19034D3E00390847 /* Sources */,
				40E49CFB19034D3E00390847 /* Frameworks */,
				40E49CFC19034D3E00390847 /* Headers */,
				40C763A71ABCF3DD00410152 /* ShellScript */,
			);
			buildRules = (
				40FCDEC821C9336100DFF96C /* PBXBuildRule */,
				400D8BC1190F337100416CD8 /* PBXBuildRule */,
			);
			dependencies = (
			);
			name = EvioTool;
			productName = EvioTool;
			productReference = 40E49CFE19034D3E00390847 /* libEvioTool.dylib */;
			productType = "com.apple.product-type.library.dynamic";
		};
		40E6BFE91917E1F400BF03CA /* et_evio_blaster */ = {
			isa = PBXNativeTarget;
			buildConfigurationList = 40E6BFF21917E1F400BF03CA /* Build configuration list for PBXNativeTarget "et_evio_blaster" */;
			buildPhases = (
				40E6BFE61917E1F400BF03CA /* Sources */,
				40E6BFE71917E1F400BF03CA /* Frameworks */,
				40E6BFE81917E1F400BF03CA /* CopyFiles */,
				40D968A721C891F20075DF34 /* ShellScript */,
			);
			buildRules = (
			);
			dependencies = (
				40E7461A191B0198008E4235 /* PBXTargetDependency */,
			);
			name = et_evio_blaster;
			productName = et_evio_blaster;
			productReference = 40E6BFEA1917E1F400BF03CA /* et_evio_blaster */;
			productType = "com.apple.product-type.tool";
		};
		40E74622191B0BFC008E4235 /* EvioTool_Test */ = {
			isa = PBXNativeTarget;
			buildConfigurationList = 40E74629191B0BFC008E4235 /* Build configuration list for PBXNativeTarget "EvioTool_Test" */;
			buildPhases = (
				40E7461F191B0BFC008E4235 /* Sources */,
				40E74620191B0BFC008E4235 /* Frameworks */,
				40E74621191B0BFC008E4235 /* CopyFiles */,
				40D968A821C892110075DF34 /* ShellScript */,
			);
			buildRules = (
			);
			dependencies = (
				40E74630191BD2EC008E4235 /* PBXTargetDependency */,
			);
			name = EvioTool_Test;
			productName = EvioTool_Test;
			productReference = 40E74623191B0BFC008E4235 /* EvioTool_Test */;
			productType = "com.apple.product-type.tool";
		};
		40E74634191DA8F0008E4235 /* et_evio_test_consumer */ = {
			isa = PBXNativeTarget;
			buildConfigurationList = 40E7463B191DA8F0008E4235 /* Build configuration list for PBXNativeTarget "et_evio_test_consumer" */;
			buildPhases = (
				40E74631191DA8F0008E4235 /* Sources */,
				40E74632191DA8F0008E4235 /* Frameworks */,
				40E74633191DA8F0008E4235 /* CopyFiles */,
				40D968A921C892190075DF34 /* ShellScript */,
			);
			buildRules = (
			);
			dependencies = (
			);
			name = et_evio_test_consumer;
			productName = et_evio_test_consumer;
			productReference = 40E74635191DA8F0008E4235 /* et_evio_test_consumer */;
			productType = "com.apple.product-type.tool";
		};
/* End PBXNativeTarget section */

/* Begin PBXProject section */
		40E49CF619034D3E00390847 /* Project object */ = {
			isa = PBXProject;
			attributes = {
				LastUpgradeCheck = 0510;
				ORGANIZATIONNAME = UNH;
			};
			buildConfigurationList = 40E49CF919034D3E00390847 /* Build configuration list for PBXProject "EvioTool" */;
			compatibilityVersion = "Xcode 3.2";
			developmentRegion = English;
			hasScannedForEncodings = 0;
			knownRegions = (
				en,
			);
			mainGroup = 40E49CF519034D3E00390847;
			productRefGroup = 40E49CFF19034D3E00390847 /* Products */;
			projectDirPath = "";
			projectReferences = (
				{
					ProductGroup = 40D9687021C857400075DF34 /* Products */;
					ProjectRef = 40D9686F21C857400075DF34 /* et-14.0.xcodeproj */;
				},
				{
					ProductGroup = 40D9686721C857260075DF34 /* Products */;
					ProjectRef = 40D9686621C857260075DF34 /* evio-4.4.5.xcodeproj */;
				},
			);
			projectRoot = "";
			targets = (
				40E49CFD19034D3E00390847 /* EvioTool */,
				40E6BFE91917E1F400BF03CA /* et_evio_blaster */,
				40E74622191B0BFC008E4235 /* EvioTool_Test */,
				40E74634191DA8F0008E4235 /* et_evio_test_consumer */,
				40C13D2D19704834008307A1 /* AllEvioTool */,
			);
		};
/* End PBXProject section */

/* Begin PBXReferenceProxy section */
		40D9686C21C857260075DF34 /* libevio-4.4.5.dylib */ = {
			isa = PBXReferenceProxy;
			fileType = "compiled.mach-o.dylib";
			path = "libevio-4.4.5.dylib";
			remoteRef = 40D9686B21C857260075DF34 /* PBXContainerItemProxy */;
			sourceTree = BUILT_PRODUCTS_DIR;
		};
		40D9686E21C857260075DF34 /* libevio-4.4.5.a */ = {
			isa = PBXReferenceProxy;
			fileType = "compiled.mach-o.dylib";
			path = "libevio-4.4.5.a";
			remoteRef = 40D9686D21C857260075DF34 /* PBXContainerItemProxy */;
			sourceTree = BUILT_PRODUCTS_DIR;
		};
		40D9687D21C857400075DF34 /* libet-14.0.dylib */ = {
			isa = PBXReferenceProxy;
			fileType = "compiled.mach-o.dylib";
			path = "libet-14.0.dylib";
			remoteRef = 40D9687C21C857400075DF34 /* PBXContainerItemProxy */;
			sourceTree = BUILT_PRODUCTS_DIR;
		};
		40D9687F21C857400075DF34 /* libet-14.0.a */ = {
			isa = PBXReferenceProxy;
			fileType = "compiled.mach-o.dylib";
			path = "libet-14.0.a";
			remoteRef = 40D9687E21C857400075DF34 /* PBXContainerItemProxy */;
			sourceTree = BUILT_PRODUCTS_DIR;
		};
		40D9688121C857400075DF34 /* libet-remote.dylib */ = {
			isa = PBXReferenceProxy;
			fileType = "compiled.mach-o.dylib";
			path = "libet-remote.dylib";
			remoteRef = 40D9688021C857400075DF34 /* PBXContainerItemProxy */;
			sourceTree = BUILT_PRODUCTS_DIR;
		};
		40D9688321C857400075DF34 /* libet-jni.dylib */ = {
			isa = PBXReferenceProxy;
			fileType = "compiled.mach-o.dylib";
			path = "libet-jni.dylib";
			remoteRef = 40D9688221C857400075DF34 /* PBXContainerItemProxy */;
			sourceTree = BUILT_PRODUCTS_DIR;
		};
		40D9688521C857400075DF34 /* et_start */ = {
			isa = PBXReferenceProxy;
			fileType = "compiled.mach-o.executable";
			path = et_start;
			remoteRef = 40D9688421C857400075DF34 /* PBXContainerItemProxy */;
			sourceTree = BUILT_PRODUCTS_DIR;
		};
		40D9688721C857400075DF34 /* et_monitor */ = {
			isa = PBXReferenceProxy;
			fileType = "compiled.mach-o.executable";
			path = et_monitor;
			remoteRef = 40D9688621C857400075DF34 /* PBXContainerItemProxy */;
			sourceTree = BUILT_PRODUCTS_DIR;
		};
		40D9688921C857400075DF34 /* et_producer */ = {
			isa = PBXReferenceProxy;
			fileType = "compiled.mach-o.executable";
			path = et_producer;
			remoteRef = 40D9688821C857400075DF34 /* PBXContainerItemProxy */;
			sourceTree = BUILT_PRODUCTS_DIR;
		};
		40D9688B21C857400075DF34 /* et_producer1 */ = {
			isa = PBXReferenceProxy;
			fileType = "compiled.mach-o.executable";
			path = et_producer1;
			remoteRef = 40D9688A21C857400075DF34 /* PBXContainerItemProxy */;
			sourceTree = BUILT_PRODUCTS_DIR;
		};
		40D9688D21C857400075DF34 /* et_consumer */ = {
			isa = PBXReferenceProxy;
			fileType = "compiled.mach-o.executable";
			path = et_consumer;
			remoteRef = 40D9688C21C857400075DF34 /* PBXContainerItemProxy */;
			sourceTree = BUILT_PRODUCTS_DIR;
		};
/* End PBXReferenceProxy section */

/* Begin PBXShellScriptBuildPhase section */
		40C763A71ABCF3DD00410152 /* ShellScript */ = {
			isa = PBXShellScriptBuildPhase;
			buildActionMask = 2147483647;
			files = (
			);
			inputPaths = (
			);
			outputPaths = (
			);
			runOnlyForDeploymentPostprocessing = 0;
			shellPath = /bin/sh;
			shellScript = "echo \"Copy ${FULL_PRODUCT_NAME} to final destination.\"\ncp -v ${BUILT_PRODUCTS_DIR}/${FULL_PRODUCT_NAME} ${INSTALL_DIR}\ncp -v ${BUILT_PRODUCTS_DIR}/${PRODUCT_NAME}Dict_rdict.pcm ${INSTALL_DIR}\n";
			showEnvVarsInLog = 0;
		};
		40D968A721C891F20075DF34 /* ShellScript */ = {
			isa = PBXShellScriptBuildPhase;
			buildActionMask = 2147483647;
			files = (
			);
			inputFileListPaths = (
			);
			inputPaths = (
			);
			outputFileListPaths = (
			);
			outputPaths = (
			);
			runOnlyForDeploymentPostprocessing = 0;
			shellPath = /bin/sh;
			shellScript = "echo \"Copy ${FULL_PRODUCT_NAME} to final destination.\"\ncp -v ${BUILT_PRODUCTS_DIR}/${FULL_PRODUCT_NAME} ${INSTALL_DIR}\n# cp -v ${BUILT_PRODUCTS_DIR}/${PRODUCT_NAME}Dict_rdict.pcm ${INSTALL_DIR}\n";
			showEnvVarsInLog = 0;
		};
		40D968A821C892110075DF34 /* ShellScript */ = {
			isa = PBXShellScriptBuildPhase;
			buildActionMask = 2147483647;
			files = (
			);
			inputFileListPaths = (
			);
			inputPaths = (
			);
			outputFileListPaths = (
			);
			outputPaths = (
			);
			runOnlyForDeploymentPostprocessing = 0;
			shellPath = /bin/sh;
			shellScript = "echo \"Copy ${FULL_PRODUCT_NAME} to final destination.\"\ncp -v ${BUILT_PRODUCTS_DIR}/${FULL_PRODUCT_NAME} ${INSTALL_DIR}\n# cp -v ${BUILT_PRODUCTS_DIR}/${PRODUCT_NAME}Dict_rdict.pcm ${INSTALL_DIR}\n";
		};
		40D968A921C892190075DF34 /* ShellScript */ = {
			isa = PBXShellScriptBuildPhase;
			buildActionMask = 2147483647;
			files = (
			);
			inputFileListPaths = (
			);
			inputPaths = (
			);
			outputFileListPaths = (
			);
			outputPaths = (
			);
			runOnlyForDeploymentPostprocessing = 0;
			shellPath = /bin/sh;
			shellScript = "echo \"Copy ${FULL_PRODUCT_NAME} to final destination.\"\ncp -v ${BUILT_PRODUCTS_DIR}/${FULL_PRODUCT_NAME} ${INSTALL_DIR}\n# cp -v ${BUILT_PRODUCTS_DIR}/${PRODUCT_NAME}Dict_rdict.pcm ${INSTALL_DIR}\n";
			showEnvVarsInLog = 0;
		};
/* End PBXShellScriptBuildPhase section */

/* Begin PBXSourcesBuildPhase section */
		40E49CFA19034D3E00390847 /* Sources */ = {
			isa = PBXSourcesBuildPhase;
			buildActionMask = 2147483647;
			files = (
				40800C5221CC05D100C2D6BC /* Leaf.h in Sources */,
				402FB1C021CAC18B00E80AE2 /* EvioTool.h in Sources */,
				40E49D0819034D3E00390847 /* EvioTool.cc in Sources */,
				40E7461D191B0228008E4235 /* EvioEvent.cc in Sources */,
				40C763861ABCECA400410152 /* EvioParser.cc in Sources */,
				40C7638C1ABCED7100410152 /* Leaf.cc in Sources */,
				40C763921ABCED8600410152 /* Bank.cc in Sources */,
			);
			runOnlyForDeploymentPostprocessing = 0;
		};
		40E6BFE61917E1F400BF03CA /* Sources */ = {
			isa = PBXSourcesBuildPhase;
			buildActionMask = 2147483647;
			files = (
				40E6BFED1917E1F400BF03CA /* et_evio_blaster.cc in Sources */,
			);
			runOnlyForDeploymentPostprocessing = 0;
		};
		40E7461F191B0BFC008E4235 /* Sources */ = {
			isa = PBXSourcesBuildPhase;
			buildActionMask = 2147483647;
			files = (
				40E746761923E2EE008E4235 /* EvioTool_Test.cc in Sources */,
			);
			runOnlyForDeploymentPostprocessing = 0;
		};
		40E74631191DA8F0008E4235 /* Sources */ = {
			isa = PBXSourcesBuildPhase;
			buildActionMask = 2147483647;
			files = (
				40E74638191DA8F0008E4235 /* et_evio_test_consumer.cc in Sources */,
			);
			runOnlyForDeploymentPostprocessing = 0;
		};
/* End PBXSourcesBuildPhase section */

/* Begin PBXTargetDependency section */
		40C13D3219704840008307A1 /* PBXTargetDependency */ = {
			isa = PBXTargetDependency;
			target = 40E49CFD19034D3E00390847 /* EvioTool */;
			targetProxy = 40C13D3119704840008307A1 /* PBXContainerItemProxy */;
		};
		40C13D3419704840008307A1 /* PBXTargetDependency */ = {
			isa = PBXTargetDependency;
			target = 40E6BFE91917E1F400BF03CA /* et_evio_blaster */;
			targetProxy = 40C13D3319704840008307A1 /* PBXContainerItemProxy */;
		};
		40C13D3619704840008307A1 /* PBXTargetDependency */ = {
			isa = PBXTargetDependency;
			target = 40E74622191B0BFC008E4235 /* EvioTool_Test */;
			targetProxy = 40C13D3519704840008307A1 /* PBXContainerItemProxy */;
		};
		40C13D3819704840008307A1 /* PBXTargetDependency */ = {
			isa = PBXTargetDependency;
			target = 40E74634191DA8F0008E4235 /* et_evio_test_consumer */;
			targetProxy = 40C13D3719704840008307A1 /* PBXContainerItemProxy */;
		};
		40D968AB21C92C940075DF34 /* PBXTargetDependency */ = {
			isa = PBXTargetDependency;
			name = "evio-4.4.5";
			targetProxy = 40D968AA21C92C940075DF34 /* PBXContainerItemProxy */;
		};
		40D968AD21C92C9F0075DF34 /* PBXTargetDependency */ = {
			isa = PBXTargetDependency;
			name = "evio-4.4.5-static";
			targetProxy = 40D968AC21C92C9F0075DF34 /* PBXContainerItemProxy */;
		};
		40E7461A191B0198008E4235 /* PBXTargetDependency */ = {
			isa = PBXTargetDependency;
			target = 40E49CFD19034D3E00390847 /* EvioTool */;
			targetProxy = 40E74619191B0198008E4235 /* PBXContainerItemProxy */;
		};
		40E74630191BD2EC008E4235 /* PBXTargetDependency */ = {
			isa = PBXTargetDependency;
			target = 40E49CFD19034D3E00390847 /* EvioTool */;
			targetProxy = 40E7462F191BD2EC008E4235 /* PBXContainerItemProxy */;
		};
/* End PBXTargetDependency section */

/* Begin XCBuildConfiguration section */
		40C13D2E19704834008307A1 /* Debug */ = {
			isa = XCBuildConfiguration;
			buildSettings = {
				PRODUCT_NAME = "$(TARGET_NAME)";
			};
			name = Debug;
		};
		40C13D2F19704834008307A1 /* Release */ = {
			isa = XCBuildConfiguration;
			buildSettings = {
				PRODUCT_NAME = "$(TARGET_NAME)";
			};
			name = Release;
		};
		40E49D0919034D3E00390847 /* Debug */ = {
			isa = XCBuildConfiguration;
			baseConfigurationReference = 40E74617191826B8008E4235 /* EvioTool.xcconfig */;
			buildSettings = {
			};
			name = Debug;
		};
		40E49D0A19034D3E00390847 /* Release */ = {
			isa = XCBuildConfiguration;
			baseConfigurationReference = 40E74617191826B8008E4235 /* EvioTool.xcconfig */;
			buildSettings = {
			};
			name = Release;
		};
		40E49D0C19034D3E00390847 /* Debug */ = {
			isa = XCBuildConfiguration;
			buildSettings = {
				GCC_UNROLL_LOOPS = YES;
			};
			name = Debug;
		};
		40E49D0D19034D3E00390847 /* Release */ = {
			isa = XCBuildConfiguration;
			buildSettings = {
				GCC_OPTIMIZATION_LEVEL = 3;
				GCC_UNROLL_LOOPS = YES;
			};
			name = Release;
		};
		40E6BFF01917E1F400BF03CA /* Debug */ = {
			isa = XCBuildConfiguration;
			baseConfigurationReference = 40E74618191826EB008E4235 /* programs.xcconfig */;
			buildSettings = {
				GCC_PREPROCESSOR_DEFINITIONS = (
					"DEBUG=1",
					"$(inherited)",
				);
				GCC_WARN_64_TO_32_BIT_CONVERSION = YES;
				PRODUCT_NAME = "$(TARGET_NAME)";
			};
			name = Debug;
		};
		40E6BFF11917E1F400BF03CA /* Release */ = {
			isa = XCBuildConfiguration;
			baseConfigurationReference = 40E74618191826EB008E4235 /* programs.xcconfig */;
			buildSettings = {
				GCC_WARN_64_TO_32_BIT_CONVERSION = YES;
				PRODUCT_NAME = "$(TARGET_NAME)";
			};
			name = Release;
		};
		40E7462A191B0BFC008E4235 /* Debug */ = {
			isa = XCBuildConfiguration;
			baseConfigurationReference = 40E74618191826EB008E4235 /* programs.xcconfig */;
			buildSettings = {
				PRODUCT_NAME = "$(TARGET_NAME)";
			};
			name = Debug;
		};
		40E7462B191B0BFC008E4235 /* Release */ = {
			isa = XCBuildConfiguration;
			baseConfigurationReference = 40E74618191826EB008E4235 /* programs.xcconfig */;
			buildSettings = {
				PRODUCT_NAME = "$(TARGET_NAME)";
			};
			name = Release;
		};
		40E7463C191DA8F0008E4235 /* Debug */ = {
			isa = XCBuildConfiguration;
			baseConfigurationReference = 40E74618191826EB008E4235 /* programs.xcconfig */;
			buildSettings = {
				PRODUCT_NAME = "$(TARGET_NAME)";
			};
			name = Debug;
		};
		40E7463D191DA8F0008E4235 /* Release */ = {
			isa = XCBuildConfiguration;
			baseConfigurationReference = 40E74618191826EB008E4235 /* programs.xcconfig */;
			buildSettings = {
				PRODUCT_NAME = "$(TARGET_NAME)";
			};
			name = Release;
		};
/* End XCBuildConfiguration section */

/* Begin XCConfigurationList section */
		40C13D3019704834008307A1 /* Build configuration list for PBXAggregateTarget "AllEvioTool" */ = {
			isa = XCConfigurationList;
			buildConfigurations = (
				40C13D2E19704834008307A1 /* Debug */,
				40C13D2F19704834008307A1 /* Release */,
			);
			defaultConfigurationIsVisible = 0;
			defaultConfigurationName = Release;
		};
		40E49CF919034D3E00390847 /* Build configuration list for PBXProject "EvioTool" */ = {
			isa = XCConfigurationList;
			buildConfigurations = (
				40E49D0919034D3E00390847 /* Debug */,
				40E49D0A19034D3E00390847 /* Release */,
			);
			defaultConfigurationIsVisible = 0;
			defaultConfigurationName = Release;
		};
		40E49D0B19034D3E00390847 /* Build configuration list for PBXNativeTarget "EvioTool" */ = {
			isa = XCConfigurationList;
			buildConfigurations = (
				40E49D0C19034D3E00390847 /* Debug */,
				40E49D0D19034D3E00390847 /* Release */,
			);
			defaultConfigurationIsVisible = 0;
			defaultConfigurationName = Release;
		};
		40E6BFF21917E1F400BF03CA /* Build configuration list for PBXNativeTarget "et_evio_blaster" */ = {
			isa = XCConfigurationList;
			buildConfigurations = (
				40E6BFF01917E1F400BF03CA /* Debug */,
				40E6BFF11917E1F400BF03CA /* Release */,
			);
			defaultConfigurationIsVisible = 0;
			defaultConfigurationName = Release;
		};
		40E74629191B0BFC008E4235 /* Build configuration list for PBXNativeTarget "EvioTool_Test" */ = {
			isa = XCConfigurationList;
			buildConfigurations = (
				40E7462A191B0BFC008E4235 /* Debug */,
				40E7462B191B0BFC008E4235 /* Release */,
			);
			defaultConfigurationIsVisible = 0;
			defaultConfigurationName = Release;
		};
		40E7463B191DA8F0008E4235 /* Build configuration list for PBXNativeTarget "et_evio_test_consumer" */ = {
			isa = XCConfigurationList;
			buildConfigurations = (
				40E7463C191DA8F0008E4235 /* Debug */,
				40E7463D191DA8F0008E4235 /* Release */,
			);
			defaultConfigurationIsVisible = 0;
			defaultConfigurationName = Release;
		};
/* End XCConfigurationList section */
	};
	rootObject = 40E49CF619034D3E00390847 /* Project object */;
}
