// !$*UTF8*$!
{
	archiveVersion = 1;
	classes = {
	};
	objectVersion = 51;
	objects = {

/* Begin PBXAggregateTarget section */
		40C13D2D19704834008307A1 /* AllEvioTool */ = {
			isa = PBXAggregateTarget;
			buildConfigurationList = 40C13D3019704834008307A1 /* Build configuration list for PBXAggregateTarget "AllEvioTool" */;
			buildPhases = (
			);
			dependencies = (
				40EBBBF821D468B20013747B /* PBXTargetDependency */,
				40C13D3219704840008307A1 /* PBXTargetDependency */,
				40C13D3619704840008307A1 /* PBXTargetDependency */,
				4011BB2321D7D6FF00256470 /* PBXTargetDependency */,
			);
			name = AllEvioTool;
			productName = AllEvioTool;
		};
/* End PBXAggregateTarget section */

/* Begin PBXBuildFile section */
		400E859221F10998002CA87E /* Header.cpp in Sources */ = {isa = PBXBuildFile; fileRef = 400E859021F10998002CA87E /* Header.cpp */; };
		400E859321F10998002CA87E /* Header.h in Headers */ = {isa = PBXBuildFile; fileRef = 400E859121F10998002CA87E /* Header.h */; };
		400E859521F10A93002CA87E /* HPSEvioReader.h in Sources */ = {isa = PBXBuildFile; fileRef = 400E859421F109EA002CA87E /* HPSEvioReader.h */; };
		4011BB0C21D6D21900256470 /* FADCdata.cc in Sources */ = {isa = PBXBuildFile; fileRef = 4011BB0B21D6D21900256470 /* FADCdata.cc */; };
		4011BB1E21D7C45300256470 /* EvioTool_Test.cpp in Sources */ = {isa = PBXBuildFile; fileRef = 4011BB1D21D7C45300256470 /* EvioTool_Test.cpp */; };
		4011BB2421D7D70E00256470 /* libEvioTool.dylib in Frameworks */ = {isa = PBXBuildFile; fileRef = 40E49CFE19034D3E00390847 /* libEvioTool.dylib */; };
		4024EB9C21F3F1CB00FE10F0 /* libEvioTool.dylib in Frameworks */ = {isa = PBXBuildFile; fileRef = 40E49CFE19034D3E00390847 /* libEvioTool.dylib */; };
		4024EB9D21F3F1CB00FE10F0 /* libHPSEvioReader.dylib in Frameworks */ = {isa = PBXBuildFile; fileRef = 40A1036821D29A9A0022AD2E /* libHPSEvioReader.dylib */; };
		4024EBA421F3F24200FE10F0 /* HPSEvioReader_MT.cpp in Sources */ = {isa = PBXBuildFile; fileRef = 4024EB8621F3F1C100FE10F0 /* HPSEvioReader_MT.cpp */; };
		403E59E222BA6CA70026D8C3 /* HPSEvioReader.cpp in Sources */ = {isa = PBXBuildFile; fileRef = 403E59E122BA6CA70026D8C3 /* HPSEvioReader.cpp */; };
		403E59F422BA7AC70026D8C3 /* VTPBank.cpp in Sources */ = {isa = PBXBuildFile; fileRef = 403E59F222BA7AC70026D8C3 /* VTPBank.cpp */; };
		403E59F522BA7AC70026D8C3 /* VTPBank.h in Headers */ = {isa = PBXBuildFile; fileRef = 403E59F322BA7AC70026D8C3 /* VTPBank.h */; };
		406693D022C11AF90056E759 /* TriggerConfig.cpp in Sources */ = {isa = PBXBuildFile; fileRef = 406693CE22C11AF90056E759 /* TriggerConfig.cpp */; };
		406693D122C11AF90056E759 /* TriggerConfig.h in Headers */ = {isa = PBXBuildFile; fileRef = 406693CF22C11AF90056E759 /* TriggerConfig.h */; };
		406C45D622C50052006161EB /* libEvioTool.dylib in Frameworks */ = {isa = PBXBuildFile; fileRef = 40E49CFE19034D3E00390847 /* libEvioTool.dylib */; };
		406C45D922C5409B006161EB /* EcalGTPCluster.cpp in Sources */ = {isa = PBXBuildFile; fileRef = 406C45D722C5409B006161EB /* EcalGTPCluster.cpp */; };
		406C45DA22C5409B006161EB /* EcalGTPCluster.h in Headers */ = {isa = PBXBuildFile; fileRef = 406C45D822C5409B006161EB /* EcalGTPCluster.h */; };
		406C45DD22C5420D006161EB /* Cluster.cpp in Sources */ = {isa = PBXBuildFile; fileRef = 406C45DB22C5420D006161EB /* Cluster.cpp */; };
		406C45DE22C5420D006161EB /* Cluster.h in Headers */ = {isa = PBXBuildFile; fileRef = 406C45DC22C5420D006161EB /* Cluster.h */; };
		406C45E122C66C13006161EB /* EcalCluster.cpp in Sources */ = {isa = PBXBuildFile; fileRef = 406C45DF22C66C13006161EB /* EcalCluster.cpp */; };
		406C45E222C66C13006161EB /* EcalCluster.h in Headers */ = {isa = PBXBuildFile; fileRef = 406C45E022C66C13006161EB /* EcalCluster.h */; };
		4070470A21DEA83100053DEE /* HPSEvioReader_LinkDef.h in Headers */ = {isa = PBXBuildFile; fileRef = 4070470721DEA83100053DEE /* HPSEvioReader_LinkDef.h */; };
		4070470B21DEA83100053DEE /* SVTBank.cc in Sources */ = {isa = PBXBuildFile; fileRef = 4070470821DEA83100053DEE /* SVTBank.cc */; };
		4070470C21DEA83100053DEE /* SVTBank.h in Headers */ = {isa = PBXBuildFile; fileRef = 4070470921DEA83100053DEE /* SVTBank.h */; };
		4070470E21DEA89A00053DEE /* HPSEvioReader_Test.cpp in Sources */ = {isa = PBXBuildFile; fileRef = 4070470D21DEA89A00053DEE /* HPSEvioReader_Test.cpp */; };
		4070471C21DEA98300053DEE /* libEvioTool.dylib in Frameworks */ = {isa = PBXBuildFile; fileRef = 40E49CFE19034D3E00390847 /* libEvioTool.dylib */; };
		407048B321E0526C00053DEE /* EvioTool_LinkDef.h in Headers */ = {isa = PBXBuildFile; fileRef = 407048B221E0526C00053DEE /* EvioTool_LinkDef.h */; };
		40A1036321D29A590022AD2E /* EvioTool.h in Sources */ = {isa = PBXBuildFile; fileRef = 40C763841ABCECA400410152 /* EvioTool.h */; };
		40A1038221D2A1EC0022AD2E /* libHPSEvioReader.dylib in Frameworks */ = {isa = PBXBuildFile; fileRef = 40A1036821D29A9A0022AD2E /* libHPSEvioReader.dylib */; };
		40BE13AF22B7E97700AE16C6 /* libet-16.1.dylib in Frameworks */ = {isa = PBXBuildFile; fileRef = 4070486221DEF22C00053DEE /* libet-16.1.dylib */; };
		40BE13BB22B7E97E00AE16C6 /* libevio-5.1.dylib in Frameworks */ = {isa = PBXBuildFile; fileRef = 4070473621DEC6F400053DEE /* libevio-5.1.dylib */; };
		40BE13BE22B9B1EB00AE16C6 /* Headbank.cpp in Sources */ = {isa = PBXBuildFile; fileRef = 40BE13BC22B9B1EB00AE16C6 /* Headbank.cpp */; };
		40BE13BF22B9B1EB00AE16C6 /* Headbank.h in Headers */ = {isa = PBXBuildFile; fileRef = 40BE13BD22B9B1EB00AE16C6 /* Headbank.h */; };
		40BE13C222B9B4F200AE16C6 /* TSBank.h in Headers */ = {isa = PBXBuildFile; fileRef = 40BE13C022B9B4F200AE16C6 /* TSBank.h */; };
		40BE13C322B9B4F200AE16C6 /* TSBank.cpp in Sources */ = {isa = PBXBuildFile; fileRef = 40BE13C122B9B4F200AE16C6 /* TSBank.cpp */; };
		40C50A1C22D53F15002D8AE1 /* HPS_Trigger_Test.cpp in Sources */ = {isa = PBXBuildFile; fileRef = 40C50A1B22D53F15002D8AE1 /* HPS_Trigger_Test.cpp */; };
		40C50A1D22D53FBA002D8AE1 /* libHPSEvioReader.dylib in Frameworks */ = {isa = PBXBuildFile; fileRef = 40A1036821D29A9A0022AD2E /* libHPSEvioReader.dylib */; };
		40C50A1E22D53FC5002D8AE1 /* libEvioTool.dylib in Frameworks */ = {isa = PBXBuildFile; fileRef = 40E49CFE19034D3E00390847 /* libEvioTool.dylib */; };
		40C50A2122D55959002D8AE1 /* TriggerHistograms.cpp in Sources */ = {isa = PBXBuildFile; fileRef = 40C50A1F22D55959002D8AE1 /* TriggerHistograms.cpp */; };
		40C763861ABCECA400410152 /* EvioTool.cc in Sources */ = {isa = PBXBuildFile; fileRef = 40C763831ABCECA400410152 /* EvioTool.cc */; };
		40C763871ABCECA400410152 /* EvioTool.h in Headers */ = {isa = PBXBuildFile; fileRef = 40C763841ABCECA400410152 /* EvioTool.h */; };
		40C7638C1ABCED7100410152 /* Leaf.cc in Sources */ = {isa = PBXBuildFile; fileRef = 40C763891ABCED7100410152 /* Leaf.cc */; };
		40C7638D1ABCED7100410152 /* Leaf.h in Headers */ = {isa = PBXBuildFile; fileRef = 40C7638A1ABCED7100410152 /* Leaf.h */; };
		40C763921ABCED8600410152 /* Bank.cc in Sources */ = {isa = PBXBuildFile; fileRef = 40C7638F1ABCED8600410152 /* Bank.cc */; };
		40C763931ABCED8600410152 /* Bank.h in Headers */ = {isa = PBXBuildFile; fileRef = 40C763901ABCED8600410152 /* Bank.h */; };
		40DAD1C9225FE92A0003C58C /* libEvioTool.dylib in Frameworks */ = {isa = PBXBuildFile; fileRef = 40E49CFE19034D3E00390847 /* libEvioTool.dylib */; };
		40DAD1CA225FE92A0003C58C /* libHPSEvioReader.dylib in Frameworks */ = {isa = PBXBuildFile; fileRef = 40A1036821D29A9A0022AD2E /* libHPSEvioReader.dylib */; };
		40DAD1D1225FE94B0003C58C /* EvioReaderApp.cpp in Sources */ = {isa = PBXBuildFile; fileRef = 40DAD1B2225FE90B0003C58C /* EvioReaderApp.cpp */; };
		40DB0B6722D50A4F004226E1 /* EcalHit.cpp in Sources */ = {isa = PBXBuildFile; fileRef = 40DB0B6522D50A4F004226E1 /* EcalHit.cpp */; };
		40DB0B6822D50A4F004226E1 /* EcalHit.h in Headers */ = {isa = PBXBuildFile; fileRef = 40DB0B6622D50A4F004226E1 /* EcalHit.h */; };
		40E6BFED1917E1F400BF03CA /* et_evio_blaster.cc in Sources */ = {isa = PBXBuildFile; fileRef = 40E6BFEC1917E1F400BF03CA /* et_evio_blaster.cc */; };
		40E6BFEF1917E1F400BF03CA /* et_evio_blaster.1 in CopyFiles */ = {isa = PBXBuildFile; fileRef = 40E6BFEE1917E1F400BF03CA /* et_evio_blaster.1 */; };
		40E74638191DA8F0008E4235 /* et_evio_test_consumer.cc in Sources */ = {isa = PBXBuildFile; fileRef = 40E74637191DA8F0008E4235 /* et_evio_test_consumer.cc */; };
		40E7463A191DA8F0008E4235 /* et_evio_test_consumer.1 in CopyFiles */ = {isa = PBXBuildFile; fileRef = 40E74639191DA8F0008E4235 /* et_evio_test_consumer.1 */; };
		40F78AF622C2C6DE00EF7328 /* EcalBank.cpp in Sources */ = {isa = PBXBuildFile; fileRef = 40F78AF422C2C6DE00EF7328 /* EcalBank.cpp */; };
		40F78AF722C2C6DE00EF7328 /* EcalBank.h in Headers */ = {isa = PBXBuildFile; fileRef = 40F78AF522C2C6DE00EF7328 /* EcalBank.h */; };
/* End PBXBuildFile section */

/* Begin PBXBuildRule section */
		40A1037E21D29B180022AD2E /* PBXBuildRule */ = {
			isa = PBXBuildRule;
			compilerSpec = com.apple.compilers.proxy.script;
			filePatterns = "*.h";
			fileType = pattern.proxy;
			isEditable = 1;
			outputFiles = (
				"$(DERIVED_FILE_DIR)/$(INPUT_FILE_BASE)Dict.cpp",
				"$(DERIVED_FILE_DIR)/$(INPUT_FILE_BASE)Dict_rdict.pcm",
			);
			script = "# This rule creates the dictionaries for a ROOT based library.\n# As input it needs the header file for the class that needs a dictionary, i.e. myclass.h\n# Each of these header files needs a \"LinkDef\" file: <myclass>_LinkDef.h\n# If you want multiple classes, with separate headers, in one dictionary file,\n# then either created a <combined>.h and <combined>_LinkDef.h where the <combined>.h includes\n# all the needed headers (suggestion would be to call this <target name>Def.h)\n# OR include all other classes in the <target>.h\n#\n# The output will be <myclass>Dict.cpp and <myclass>Dict_rdict.pcm\n# The cpp files must be compiled and included in the library. The rdict.pcm must be copied\n# to the install location of the library.\n#\n# The script depends on ROOTSYS being defined in the project.\n#\n# export\nOUTFILES_LOCATION=${DERIVED_FILE_DIR}\nLINKDEF_FILE=${INPUT_FILE_BASE}_LinkDef.h\necho \"INPUT_FILE_PATH: \" ${INPUT_FILE_PATH} \necho \"Dictionary created in: \" ${OUTFILES_LOCATION}\necho \"INPUT_FILE_BASE = \" ${INPUT_FILE_BASE}\necho \"INSTALL_DIR\" = ${INSTALL_DIR}\n#\necho ${ROOTSYS}/bin/rootcling -f ${OUTFILES_LOCATION}/${INPUT_FILE_BASE}Dict.cpp -c -p -I${HEADER_SEARCH_PATHS// / -I} ${INPUT_FILE_PATH}  ${INPUT_FILE_DIR}/${LINKDEF_FILE}\n${ROOTSYS}/bin/rootcling -f ${OUTFILES_LOCATION}/${INPUT_FILE_BASE}Dict.cpp -c -p -I${HEADER_SEARCH_PATHS// / -I} ${INPUT_FILE_PATH}  ${INPUT_FILE_DIR}/${LINKDEF_FILE}\n#\n# For ROOT 6 copy the pcm file to the LIB install path.\n#\ntest -d ${DYLIB_INSTALL_NAME_BASE} || mkdir -p ${DYLIB_INSTALL_NAME_BASE}\ntest -d ${BUILT_PRODUCTS_DIR} || mkdir -p ${BUILT_PRODUCTS_DIR}\n# ls ${DERIVED_FILE_DIR}\n# This puts the pcm files in the ${DSTROOT}/${INSTALL_PATH} directory.\nif test -r ${OUTFILES_LOCATION}/${INPUT_FILE_BASE}Dict_rdict.pcm; then cp -f ${OUTFILES_LOCATION}/${INPUT_FILE_BASE}Dict_rdict.pcm ${DYLIB_INSTALL_NAME_BASE}/${INPUT_FILE_BASE}Dict_rdict.pcm; echo \"Copied: \" ${OUTFILES_LOCATION}/${INPUT_FILE_BASE}Dict_rdict.pcm ${DYLIB_INSTALL_NAME_BASE}/${INPUT_FILE_BASE}Dict_rdict.pcm ; fi\n# This send the pcm files to to build product dir\nif test -r ${OUTFILES_LOCATION}/${INPUT_FILE_BASE}Dict_rdict.pcm; then cp -f ${OUTFILES_LOCATION}/${INPUT_FILE_BASE}Dict_rdict.pcm ${BUILT_PRODUCTS_DIR}/${INPUT_FILE_BASE}Dict_rdict.pcm; echo \"Copied:\" cp -f ${OUTFILES_LOCATION}/${INPUT_FILE_BASE}Dict_rdict.pcm   ${BUILT_PRODUCTS_DIR}/${INPUT_FILE_BASE}Dict_rdict.pcm; fi\n";
		};
		40FCDEC821C9336100DFF96C /* PBXBuildRule */ = {
			isa = PBXBuildRule;
			compilerSpec = com.apple.compilers.proxy.script;
			filePatterns = "*.h";
			fileType = pattern.proxy;
			isEditable = 1;
			outputFiles = (
				"$(DERIVED_FILE_DIR)/$(INPUT_FILE_BASE)Dict_rdict.pcm",
				"$(DERIVED_FILE_DIR)/$(INPUT_FILE_BASE)Dict.cpp",
			);
			script = "# This rule creates the dictionaries for a ROOT based library.\n# As input it needs the header file for the class that needs a dictionary, i.e. myclass.h\n# Each of these header files needs a \"LinkDef\" file: <myclass>_LinkDef.h\n# If you want multiple classes, with separate headers, in one dictionary file,\n# then either created a <combined>.h and <combined>_LinkDef.h where the <combined>.h includes\n# all the needed headers (suggestion would be to call this <target name>Def.h)\n# OR include all other classes in the <target>.h\n#\n# The output will be <myclass>Dict.cpp and <myclass>Dict_rdict.pcm\n# The cpp files must be compiled and included in the library. The rdict.pcm must be copied\n# to the install location of the library.\n#\n# The script depends on ROOTSYS being defined in the project.\n#\n# export\nOUTFILES_LOCATION=${DERIVED_FILE_DIR}\nLINKDEF_FILE=${INPUT_FILE_BASE}_LinkDef.h\necho \"INPUT_FILE_PATH: \" ${INPUT_FILE_PATH} \necho \"Dictionary created in: \" ${OUTFILES_LOCATION}\necho \"INPUT_FILE_BASE = \" ${INPUT_FILE_BASE}\necho \"INSTALL_DIR\" = ${INSTALL_DIR}\n#\necho ${ROOTSYS}/bin/rootcling -f ${OUTFILES_LOCATION}/${INPUT_FILE_BASE}Dict.cpp -c -p -I${HEADER_SEARCH_PATHS// / -I} ${INPUT_FILE_PATH}  ${INPUT_FILE_DIR}/${LINKDEF_FILE}\n${ROOTSYS}/bin/rootcling -f ${OUTFILES_LOCATION}/${INPUT_FILE_BASE}Dict.cpp -c -p -I${HEADER_SEARCH_PATHS// / -I} ${INPUT_FILE_PATH}  ${INPUT_FILE_DIR}/${LINKDEF_FILE}\n#\n# For ROOT 6 copy the pcm file to the LIB install path.\n#\ntest -d ${DYLIB_INSTALL_NAME_BASE} || mkdir -p ${DYLIB_INSTALL_NAME_BASE}\ntest -d ${BUILT_PRODUCTS_DIR} || mkdir -p ${BUILT_PRODUCTS_DIR}\n# ls ${DERIVED_FILE_DIR}\n# This puts the pcm files in the ${DSTROOT}/${INSTALL_PATH} directory.\nif test -r ${OUTFILES_LOCATION}/${INPUT_FILE_BASE}Dict_rdict.pcm; then cp -f ${OUTFILES_LOCATION}/${INPUT_FILE_BASE}Dict_rdict.pcm ${DYLIB_INSTALL_NAME_BASE}/${INPUT_FILE_BASE}Dict_rdict.pcm; echo \"Copied: \" ${OUTFILES_LOCATION}/${INPUT_FILE_BASE}Dict_rdict.pcm ${DYLIB_INSTALL_NAME_BASE}/${INPUT_FILE_BASE}Dict_rdict.pcm ; fi\n# This send the pcm files to to build product dir\nif test -r ${OUTFILES_LOCATION}/${INPUT_FILE_BASE}Dict_rdict.pcm; then cp -f ${OUTFILES_LOCATION}/${INPUT_FILE_BASE}Dict_rdict.pcm ${BUILT_PRODUCTS_DIR}/${INPUT_FILE_BASE}Dict_rdict.pcm; echo \"Copied:\" cp -f ${OUTFILES_LOCATION}/${INPUT_FILE_BASE}Dict_rdict.pcm   ${BUILT_PRODUCTS_DIR}/${INPUT_FILE_BASE}Dict_rdict.pcm; fi\n";
		};
/* End PBXBuildRule section */

/* Begin PBXContainerItemProxy section */
		4011BB2221D7D6FF00256470 /* PBXContainerItemProxy */ = {
			isa = PBXContainerItemProxy;
			containerPortal = 40E49CF619034D3E00390847 /* Project object */;
			proxyType = 1;
			remoteGlobalIDString = 4011BB1A21D7C45300256470;
			remoteInfo = EvioTool_Test;
		};
		4024EB9621F3F1CB00FE10F0 /* PBXContainerItemProxy */ = {
			isa = PBXContainerItemProxy;
			containerPortal = 40E49CF619034D3E00390847 /* Project object */;
			proxyType = 1;
			remoteGlobalIDString = 40A1036721D29A9A0022AD2E;
			remoteInfo = HPSEvioReader;
		};
		4024EB9821F3F1CB00FE10F0 /* PBXContainerItemProxy */ = {
			isa = PBXContainerItemProxy;
			containerPortal = 40E49CF619034D3E00390847 /* Project object */;
			proxyType = 1;
			remoteGlobalIDString = 40E49CFD19034D3E00390847;
			remoteInfo = EvioTool;
		};
		4070471E21DEAA3600053DEE /* PBXContainerItemProxy */ = {
			isa = PBXContainerItemProxy;
			containerPortal = 40E49CF619034D3E00390847 /* Project object */;
			proxyType = 1;
			remoteGlobalIDString = 40A1036721D29A9A0022AD2E;
			remoteInfo = HPSEvioReader;
		};
		4070473521DEC6F400053DEE /* PBXContainerItemProxy */ = {
			isa = PBXContainerItemProxy;
			containerPortal = 4070472C21DEC6F300053DEE /* evio-5.1.xcodeproj */;
			proxyType = 2;
			remoteGlobalIDString = 40E49D81190494FE00390847;
			remoteInfo = "evio-5.1";
		};
		4070473921DEC6F400053DEE /* PBXContainerItemProxy */ = {
			isa = PBXContainerItemProxy;
			containerPortal = 4070472C21DEC6F300053DEE /* evio-5.1.xcodeproj */;
			proxyType = 2;
			remoteGlobalIDString = 40940F3A1AC2FCF000BABC02;
			remoteInfo = evio2xml;
		};
		4070473D21DEC6F400053DEE /* PBXContainerItemProxy */ = {
			isa = PBXContainerItemProxy;
			containerPortal = 4070472C21DEC6F300053DEE /* evio-5.1.xcodeproj */;
			proxyType = 2;
			remoteGlobalIDString = 40F6DAC31FD89982008F9FE2;
			remoteInfo = eviocopy;
		};
		407047B521DEDFF100053DEE /* PBXContainerItemProxy */ = {
			isa = PBXContainerItemProxy;
			containerPortal = 407047A721DEDFF000053DEE /* evio-4.4.6.xcodeproj */;
			proxyType = 2;
			remoteGlobalIDString = 4070479921DEDFF000053DEE;
			remoteInfo = "evio-4.4.6";
		};
		407047BD21DEDFF100053DEE /* PBXContainerItemProxy */ = {
			isa = PBXContainerItemProxy;
			containerPortal = 4070472C21DEC6F300053DEE /* evio-5.1.xcodeproj */;
			proxyType = 2;
			remoteGlobalIDString = 4070476721DEDCC300053DEE;
			remoteInfo = "evio-5.1++";
		};
		4070482C21DEEFD400053DEE /* PBXContainerItemProxy */ = {
			isa = PBXContainerItemProxy;
			containerPortal = 407047A721DEDFF000053DEE /* evio-4.4.6.xcodeproj */;
			proxyType = 2;
			remoteGlobalIDString = 407047C621DEE12900053DEE;
			remoteInfo = "eviocxx-4.4.6";
		};
		4070486121DEF22C00053DEE /* PBXContainerItemProxy */ = {
			isa = PBXContainerItemProxy;
			containerPortal = 4070485421DEF22C00053DEE /* et-16.1.xcodeproj */;
			proxyType = 2;
			remoteGlobalIDString = 40907ED519128223004B41EB;
			remoteInfo = "et-14.0";
		};
		4070486321DEF22C00053DEE /* PBXContainerItemProxy */ = {
			isa = PBXContainerItemProxy;
			containerPortal = 4070485421DEF22C00053DEE /* et-16.1.xcodeproj */;
			proxyType = 2;
			remoteGlobalIDString = 401CBA851AF1A7D4000E393E;
			remoteInfo = "et-14.0 Static";
		};
		4070486521DEF22C00053DEE /* PBXContainerItemProxy */ = {
			isa = PBXContainerItemProxy;
			containerPortal = 4070485421DEF22C00053DEE /* et-16.1.xcodeproj */;
			proxyType = 2;
			remoteGlobalIDString = 40907F5719128A69004B41EB;
			remoteInfo = "et-remote";
		};
		4070486721DEF22C00053DEE /* PBXContainerItemProxy */ = {
			isa = PBXContainerItemProxy;
			containerPortal = 4070485421DEF22C00053DEE /* et-16.1.xcodeproj */;
			proxyType = 2;
			remoteGlobalIDString = 40907F7019128B9F004B41EB;
			remoteInfo = "et-jni";
		};
		4070486921DEF22C00053DEE /* PBXContainerItemProxy */ = {
			isa = PBXContainerItemProxy;
			containerPortal = 4070485421DEF22C00053DEE /* et-16.1.xcodeproj */;
			proxyType = 2;
			remoteGlobalIDString = 40E6BEE8191318A900BF03CA;
			remoteInfo = et_start;
		};
		4070486B21DEF22C00053DEE /* PBXContainerItemProxy */ = {
			isa = PBXContainerItemProxy;
			containerPortal = 4070485421DEF22C00053DEE /* et-16.1.xcodeproj */;
			proxyType = 2;
			remoteGlobalIDString = 40E6BFA919131B5700BF03CA;
			remoteInfo = et_monitor;
		};
		4070486D21DEF22C00053DEE /* PBXContainerItemProxy */ = {
			isa = PBXContainerItemProxy;
			containerPortal = 4070485421DEF22C00053DEE /* et-16.1.xcodeproj */;
			proxyType = 2;
			remoteGlobalIDString = 40E6BFBA19131BC800BF03CA;
			remoteInfo = et_producer;
		};
		4070487121DEF22C00053DEE /* PBXContainerItemProxy */ = {
			isa = PBXContainerItemProxy;
			containerPortal = 4070485421DEF22C00053DEE /* et-16.1.xcodeproj */;
			proxyType = 2;
			remoteGlobalIDString = 40E7464219228068008E4235;
			remoteInfo = et_consumer;
		};
		4070487921DEF7E800053DEE /* PBXContainerItemProxy */ = {
			isa = PBXContainerItemProxy;
			containerPortal = 4070472C21DEC6F300053DEE /* evio-5.1.xcodeproj */;
			proxyType = 1;
			remoteGlobalIDString = 40E49D80190494FE00390847;
			remoteInfo = "evio-5.1";
		};
		4070489421DEF82200053DEE /* PBXContainerItemProxy */ = {
			isa = PBXContainerItemProxy;
			containerPortal = 4070472C21DEC6F300053DEE /* evio-5.1.xcodeproj */;
			proxyType = 1;
			remoteGlobalIDString = 40E49D80190494FE00390847;
			remoteInfo = "evio-5.1";
		};
		4070489621DEF83000053DEE /* PBXContainerItemProxy */ = {
			isa = PBXContainerItemProxy;
			containerPortal = 40E49CF619034D3E00390847 /* Project object */;
			proxyType = 1;
			remoteGlobalIDString = 40E49CFD19034D3E00390847;
			remoteInfo = EvioTool;
		};
		4070489821DEF83A00053DEE /* PBXContainerItemProxy */ = {
			isa = PBXContainerItemProxy;
			containerPortal = 40E49CF619034D3E00390847 /* Project object */;
			proxyType = 1;
			remoteGlobalIDString = 40E49CFD19034D3E00390847;
			remoteInfo = EvioTool;
		};
		40BE13B722B7E97700AE16C6 /* PBXContainerItemProxy */ = {
			isa = PBXContainerItemProxy;
			containerPortal = 4070472C21DEC6F300053DEE /* evio-5.1.xcodeproj */;
			proxyType = 2;
			remoteGlobalIDString = 409074AF22AAA537001B5628;
			remoteInfo = evioconcat;
		};
		40BE13B922B7E97700AE16C6 /* PBXContainerItemProxy */ = {
			isa = PBXContainerItemProxy;
			containerPortal = 4070472C21DEC6F300053DEE /* evio-5.1.xcodeproj */;
			proxyType = 2;
			remoteGlobalIDString = 409074BE22AAD3D1001B5628;
			remoteInfo = eviosplit;
		};
		40C13D3119704840008307A1 /* PBXContainerItemProxy */ = {
			isa = PBXContainerItemProxy;
			containerPortal = 40E49CF619034D3E00390847 /* Project object */;
			proxyType = 1;
			remoteGlobalIDString = 40E49CFD19034D3E00390847;
			remoteInfo = EvioTool;
		};
		40C13D3519704840008307A1 /* PBXContainerItemProxy */ = {
			isa = PBXContainerItemProxy;
			containerPortal = 40E49CF619034D3E00390847 /* Project object */;
			proxyType = 1;
			remoteGlobalIDString = 40E74622191B0BFC008E4235;
			remoteInfo = EvioTool_Test;
		};
		40C509FE22D53E6B002D8AE1 /* PBXContainerItemProxy */ = {
			isa = PBXContainerItemProxy;
			containerPortal = 40E49CF619034D3E00390847 /* Project object */;
			proxyType = 1;
			remoteGlobalIDString = 40E49CFD19034D3E00390847;
			remoteInfo = EvioTool;
		};
		40C50A0022D53E6B002D8AE1 /* PBXContainerItemProxy */ = {
			isa = PBXContainerItemProxy;
			containerPortal = 4070472C21DEC6F300053DEE /* evio-5.1.xcodeproj */;
			proxyType = 1;
			remoteGlobalIDString = 40E49D80190494FE00390847;
			remoteInfo = "evio-5.1";
		};
		40DAD1C3225FE92A0003C58C /* PBXContainerItemProxy */ = {
			isa = PBXContainerItemProxy;
			containerPortal = 40E49CF619034D3E00390847 /* Project object */;
			proxyType = 1;
			remoteGlobalIDString = 40A1036721D29A9A0022AD2E;
			remoteInfo = HPSEvioReader;
		};
		40DAD1C5225FE92A0003C58C /* PBXContainerItemProxy */ = {
			isa = PBXContainerItemProxy;
			containerPortal = 40E49CF619034D3E00390847 /* Project object */;
			proxyType = 1;
			remoteGlobalIDString = 40E49CFD19034D3E00390847;
			remoteInfo = EvioTool;
		};
		40E74619191B0198008E4235 /* PBXContainerItemProxy */ = {
			isa = PBXContainerItemProxy;
			containerPortal = 40E49CF619034D3E00390847 /* Project object */;
			proxyType = 1;
			remoteGlobalIDString = 40E49CFD19034D3E00390847;
			remoteInfo = EvioTool;
		};
		40E7462F191BD2EC008E4235 /* PBXContainerItemProxy */ = {
			isa = PBXContainerItemProxy;
			containerPortal = 40E49CF619034D3E00390847 /* Project object */;
			proxyType = 1;
			remoteGlobalIDString = 40E49CFD19034D3E00390847;
			remoteInfo = EvioTool;
		};
		40EBBBF721D468B20013747B /* PBXContainerItemProxy */ = {
			isa = PBXContainerItemProxy;
			containerPortal = 40E49CF619034D3E00390847 /* Project object */;
			proxyType = 1;
			remoteGlobalIDString = 40A1036721D29A9A0022AD2E;
			remoteInfo = HPSEvioReader;
		};
/* End PBXContainerItemProxy section */

/* Begin PBXCopyFilesBuildPhase section */
		4011BB1921D7C45300256470 /* CopyFiles */ = {
			isa = PBXCopyFilesBuildPhase;
			buildActionMask = 2147483647;
			dstPath = /usr/share/man/man1/;
			dstSubfolderSpec = 0;
			files = (
			);
			runOnlyForDeploymentPostprocessing = 1;
		};
		4024EB9E21F3F1CB00FE10F0 /* CopyFiles */ = {
			isa = PBXCopyFilesBuildPhase;
			buildActionMask = 2147483647;
			dstPath = /usr/share/man/man1/;
			dstSubfolderSpec = 0;
			files = (
			);
			runOnlyForDeploymentPostprocessing = 1;
		};
		40C50A0522D53E6B002D8AE1 /* CopyFiles */ = {
			isa = PBXCopyFilesBuildPhase;
			buildActionMask = 2147483647;
			dstPath = /usr/share/man/man1/;
			dstSubfolderSpec = 0;
			files = (
			);
			runOnlyForDeploymentPostprocessing = 1;
		};
		40DAD1CB225FE92A0003C58C /* CopyFiles */ = {
			isa = PBXCopyFilesBuildPhase;
			buildActionMask = 2147483647;
			dstPath = /usr/share/man/man1/;
			dstSubfolderSpec = 0;
			files = (
			);
			runOnlyForDeploymentPostprocessing = 1;
		};
		40E6BFE81917E1F400BF03CA /* CopyFiles */ = {
			isa = PBXCopyFilesBuildPhase;
			buildActionMask = 2147483647;
			dstPath = /usr/share/man/man1/;
			dstSubfolderSpec = 0;
			files = (
				40E6BFEF1917E1F400BF03CA /* et_evio_blaster.1 in CopyFiles */,
			);
			runOnlyForDeploymentPostprocessing = 1;
		};
		40E74621191B0BFC008E4235 /* CopyFiles */ = {
			isa = PBXCopyFilesBuildPhase;
			buildActionMask = 2147483647;
			dstPath = /usr/share/man/man1/;
			dstSubfolderSpec = 0;
			files = (
			);
			runOnlyForDeploymentPostprocessing = 1;
		};
		40E74633191DA8F0008E4235 /* CopyFiles */ = {
			isa = PBXCopyFilesBuildPhase;
			buildActionMask = 2147483647;
			dstPath = /usr/share/man/man1/;
			dstSubfolderSpec = 0;
			files = (
				40E7463A191DA8F0008E4235 /* et_evio_test_consumer.1 in CopyFiles */,
			);
			runOnlyForDeploymentPostprocessing = 1;
		};
/* End PBXCopyFilesBuildPhase section */

/* Begin PBXFileReference section */
		400E858121F1078C002CA87E /* HPSEvioReader_obsolete */ = {isa = PBXFileReference; lastKnownFileType = folder; path = HPSEvioReader_obsolete; sourceTree = "<group>"; };
		400E858F21F107CD002CA87E /* HPSEvioReader_Test_obsolete */ = {isa = PBXFileReference; lastKnownFileType = folder; path = HPSEvioReader_Test_obsolete; sourceTree = "<group>"; };
		400E859021F10998002CA87E /* Header.cpp */ = {isa = PBXFileReference; lastKnownFileType = sourcecode.cpp.cpp; path = Header.cpp; sourceTree = "<group>"; };
		400E859121F10998002CA87E /* Header.h */ = {isa = PBXFileReference; lastKnownFileType = sourcecode.c.h; path = Header.h; sourceTree = "<group>"; };
		400E859421F109EA002CA87E /* HPSEvioReader.h */ = {isa = PBXFileReference; lastKnownFileType = sourcecode.c.h; path = HPSEvioReader.h; sourceTree = "<group>"; };
		4011BB0B21D6D21900256470 /* FADCdata.cc */ = {isa = PBXFileReference; lastKnownFileType = sourcecode.cpp.cpp; path = FADCdata.cc; sourceTree = "<group>"; };
		4011BB1B21D7C45300256470 /* EvioTool_Test */ = {isa = PBXFileReference; explicitFileType = "compiled.mach-o.executable"; includeInIndex = 0; path = EvioTool_Test; sourceTree = BUILT_PRODUCTS_DIR; };
		4011BB1D21D7C45300256470 /* EvioTool_Test.cpp */ = {isa = PBXFileReference; lastKnownFileType = sourcecode.cpp.cpp; path = EvioTool_Test.cpp; sourceTree = "<group>"; };
		4024EB8621F3F1C100FE10F0 /* HPSEvioReader_MT.cpp */ = {isa = PBXFileReference; lastKnownFileType = sourcecode.cpp.cpp; path = HPSEvioReader_MT.cpp; sourceTree = "<group>"; };
		4024EBA321F3F1CB00FE10F0 /* HPSEvioReader_MT */ = {isa = PBXFileReference; explicitFileType = "compiled.mach-o.executable"; includeInIndex = 0; path = HPSEvioReader_MT; sourceTree = BUILT_PRODUCTS_DIR; };
		403E59E122BA6CA70026D8C3 /* HPSEvioReader.cpp */ = {isa = PBXFileReference; lastKnownFileType = sourcecode.cpp.cpp; path = HPSEvioReader.cpp; sourceTree = "<group>"; };
		403E59F222BA7AC70026D8C3 /* VTPBank.cpp */ = {isa = PBXFileReference; lastKnownFileType = sourcecode.cpp.cpp; path = VTPBank.cpp; sourceTree = "<group>"; };
		403E59F322BA7AC70026D8C3 /* VTPBank.h */ = {isa = PBXFileReference; lastKnownFileType = sourcecode.c.h; path = VTPBank.h; sourceTree = "<group>"; };
		406693CE22C11AF90056E759 /* TriggerConfig.cpp */ = {isa = PBXFileReference; lastKnownFileType = sourcecode.cpp.cpp; path = TriggerConfig.cpp; sourceTree = "<group>"; };
		406693CF22C11AF90056E759 /* TriggerConfig.h */ = {isa = PBXFileReference; lastKnownFileType = sourcecode.c.h; path = TriggerConfig.h; sourceTree = "<group>"; };
		406C45D722C5409B006161EB /* EcalGTPCluster.cpp */ = {isa = PBXFileReference; lastKnownFileType = sourcecode.cpp.cpp; path = EcalGTPCluster.cpp; sourceTree = "<group>"; };
		406C45D822C5409B006161EB /* EcalGTPCluster.h */ = {isa = PBXFileReference; lastKnownFileType = sourcecode.c.h; path = EcalGTPCluster.h; sourceTree = "<group>"; };
		406C45DB22C5420D006161EB /* Cluster.cpp */ = {isa = PBXFileReference; lastKnownFileType = sourcecode.cpp.cpp; path = Cluster.cpp; sourceTree = "<group>"; };
		406C45DC22C5420D006161EB /* Cluster.h */ = {isa = PBXFileReference; lastKnownFileType = sourcecode.c.h; path = Cluster.h; sourceTree = "<group>"; };
		406C45DF22C66C13006161EB /* EcalCluster.cpp */ = {isa = PBXFileReference; fileEncoding = 4; lastKnownFileType = sourcecode.cpp.cpp; path = EcalCluster.cpp; sourceTree = "<group>"; };
		406C45E022C66C13006161EB /* EcalCluster.h */ = {isa = PBXFileReference; fileEncoding = 4; lastKnownFileType = sourcecode.c.h; path = EcalCluster.h; sourceTree = "<group>"; };
		4070470721DEA83100053DEE /* HPSEvioReader_LinkDef.h */ = {isa = PBXFileReference; fileEncoding = 4; lastKnownFileType = sourcecode.c.h; path = HPSEvioReader_LinkDef.h; sourceTree = "<group>"; };
		4070470821DEA83100053DEE /* SVTBank.cc */ = {isa = PBXFileReference; fileEncoding = 4; lastKnownFileType = sourcecode.cpp.cpp; path = SVTBank.cc; sourceTree = "<group>"; };
		4070470921DEA83100053DEE /* SVTBank.h */ = {isa = PBXFileReference; fileEncoding = 4; lastKnownFileType = sourcecode.c.h; path = SVTBank.h; sourceTree = "<group>"; };
		4070470D21DEA89A00053DEE /* HPSEvioReader_Test.cpp */ = {isa = PBXFileReference; fileEncoding = 4; lastKnownFileType = sourcecode.cpp.cpp; path = HPSEvioReader_Test.cpp; sourceTree = "<group>"; };
		4070472C21DEC6F300053DEE /* evio-5.1.xcodeproj */ = {isa = PBXFileReference; lastKnownFileType = "wrapper.pb-project"; name = "evio-5.1.xcodeproj"; path = "evio-5.1/evio-5.1.xcodeproj"; sourceTree = "<group>"; };
		407047A721DEDFF000053DEE /* evio-4.4.6.xcodeproj */ = {isa = PBXFileReference; lastKnownFileType = "wrapper.pb-project"; name = "evio-4.4.6.xcodeproj"; path = "evio-4.4.6/evio-4.4.6.xcodeproj"; sourceTree = "<group>"; };
		4070485421DEF22C00053DEE /* et-16.1.xcodeproj */ = {isa = PBXFileReference; lastKnownFileType = "wrapper.pb-project"; name = "et-16.1.xcodeproj"; path = "et-16.1/et-16.1.xcodeproj"; sourceTree = "<group>"; };
		407048B221E0526C00053DEE /* EvioTool_LinkDef.h */ = {isa = PBXFileReference; fileEncoding = 4; lastKnownFileType = sourcecode.c.h; path = EvioTool_LinkDef.h; sourceTree = "<group>"; };
		40A1036821D29A9A0022AD2E /* libHPSEvioReader.dylib */ = {isa = PBXFileReference; explicitFileType = "compiled.mach-o.dylib"; includeInIndex = 0; path = libHPSEvioReader.dylib; sourceTree = BUILT_PRODUCTS_DIR; };
		40BE13BC22B9B1EB00AE16C6 /* Headbank.cpp */ = {isa = PBXFileReference; lastKnownFileType = sourcecode.cpp.cpp; path = Headbank.cpp; sourceTree = "<group>"; };
		40BE13BD22B9B1EB00AE16C6 /* Headbank.h */ = {isa = PBXFileReference; lastKnownFileType = sourcecode.c.h; path = Headbank.h; sourceTree = "<group>"; };
		40BE13C022B9B4F200AE16C6 /* TSBank.h */ = {isa = PBXFileReference; fileEncoding = 4; lastKnownFileType = sourcecode.c.h; path = TSBank.h; sourceTree = "<group>"; };
		40BE13C122B9B4F200AE16C6 /* TSBank.cpp */ = {isa = PBXFileReference; fileEncoding = 4; lastKnownFileType = sourcecode.cpp.cpp; path = TSBank.cpp; sourceTree = "<group>"; };
		40C50A0A22D53E6B002D8AE1 /* HPS_Trigger_test */ = {isa = PBXFileReference; explicitFileType = "compiled.mach-o.executable"; includeInIndex = 0; path = HPS_Trigger_test; sourceTree = BUILT_PRODUCTS_DIR; };
		40C50A1B22D53F15002D8AE1 /* HPS_Trigger_Test.cpp */ = {isa = PBXFileReference; lastKnownFileType = sourcecode.cpp.cpp; path = HPS_Trigger_Test.cpp; sourceTree = "<group>"; };
		40C50A1F22D55959002D8AE1 /* TriggerHistograms.cpp */ = {isa = PBXFileReference; lastKnownFileType = sourcecode.cpp.cpp; path = TriggerHistograms.cpp; sourceTree = "<group>"; };
		40C50A2022D55959002D8AE1 /* TriggerHistograms.h */ = {isa = PBXFileReference; lastKnownFileType = sourcecode.c.h; path = TriggerHistograms.h; sourceTree = "<group>"; };
		40C50A2222D55FDB002D8AE1 /* Arguments.h */ = {isa = PBXFileReference; lastKnownFileType = sourcecode.c.h; path = Arguments.h; sourceTree = "<group>"; };
		40C763831ABCECA400410152 /* EvioTool.cc */ = {isa = PBXFileReference; fileEncoding = 4; lastKnownFileType = sourcecode.cpp.cpp; path = EvioTool.cc; sourceTree = "<group>"; };
		40C763841ABCECA400410152 /* EvioTool.h */ = {isa = PBXFileReference; fileEncoding = 4; lastKnownFileType = sourcecode.c.h; path = EvioTool.h; sourceTree = "<group>"; };
		40C763891ABCED7100410152 /* Leaf.cc */ = {isa = PBXFileReference; fileEncoding = 4; lastKnownFileType = sourcecode.cpp.cpp; path = Leaf.cc; sourceTree = "<group>"; };
		40C7638A1ABCED7100410152 /* Leaf.h */ = {isa = PBXFileReference; fileEncoding = 4; lastKnownFileType = sourcecode.c.h; path = Leaf.h; sourceTree = "<group>"; };
		40C7638F1ABCED8600410152 /* Bank.cc */ = {isa = PBXFileReference; fileEncoding = 4; lastKnownFileType = sourcecode.cpp.cpp; path = Bank.cc; sourceTree = "<group>"; };
		40C763901ABCED8600410152 /* Bank.h */ = {isa = PBXFileReference; fileEncoding = 4; lastKnownFileType = sourcecode.c.h; path = Bank.h; sourceTree = "<group>"; };
		40DAD1B2225FE90B0003C58C /* EvioReaderApp.cpp */ = {isa = PBXFileReference; fileEncoding = 4; lastKnownFileType = sourcecode.cpp.cpp; path = EvioReaderApp.cpp; sourceTree = "<group>"; };
		40DAD1D0225FE92A0003C58C /* HodoEvioReader */ = {isa = PBXFileReference; explicitFileType = "compiled.mach-o.executable"; includeInIndex = 0; path = HodoEvioReader; sourceTree = BUILT_PRODUCTS_DIR; };
		40DB0B6522D50A4F004226E1 /* EcalHit.cpp */ = {isa = PBXFileReference; lastKnownFileType = sourcecode.cpp.cpp; path = EcalHit.cpp; sourceTree = "<group>"; };
		40DB0B6622D50A4F004226E1 /* EcalHit.h */ = {isa = PBXFileReference; lastKnownFileType = sourcecode.c.h; path = EcalHit.h; sourceTree = "<group>"; };
		40E49CFE19034D3E00390847 /* libEvioTool.dylib */ = {isa = PBXFileReference; explicitFileType = "compiled.mach-o.dylib"; includeInIndex = 0; path = libEvioTool.dylib; sourceTree = BUILT_PRODUCTS_DIR; };
		40E6BFEA1917E1F400BF03CA /* et_evio_blaster */ = {isa = PBXFileReference; explicitFileType = "compiled.mach-o.executable"; includeInIndex = 0; path = et_evio_blaster; sourceTree = BUILT_PRODUCTS_DIR; };
		40E6BFEC1917E1F400BF03CA /* et_evio_blaster.cc */ = {isa = PBXFileReference; lastKnownFileType = sourcecode.cpp.cpp; path = et_evio_blaster.cc; sourceTree = "<group>"; };
		40E6BFEE1917E1F400BF03CA /* et_evio_blaster.1 */ = {isa = PBXFileReference; lastKnownFileType = text.man; path = et_evio_blaster.1; sourceTree = "<group>"; };
		40E74617191826B8008E4235 /* EvioTool.xcconfig */ = {isa = PBXFileReference; lastKnownFileType = text.xcconfig; path = EvioTool.xcconfig; sourceTree = "<group>"; };
		40E74618191826EB008E4235 /* programs.xcconfig */ = {isa = PBXFileReference; lastKnownFileType = text.xcconfig; path = programs.xcconfig; sourceTree = "<group>"; };
		40E74623191B0BFC008E4235 /* HPSEvioReader_Test */ = {isa = PBXFileReference; explicitFileType = "compiled.mach-o.executable"; includeInIndex = 0; path = HPSEvioReader_Test; sourceTree = BUILT_PRODUCTS_DIR; };
		40E74635191DA8F0008E4235 /* et_evio_test_consumer */ = {isa = PBXFileReference; explicitFileType = "compiled.mach-o.executable"; includeInIndex = 0; path = et_evio_test_consumer; sourceTree = BUILT_PRODUCTS_DIR; };
		40E74637191DA8F0008E4235 /* et_evio_test_consumer.cc */ = {isa = PBXFileReference; lastKnownFileType = sourcecode.cpp.cpp; path = et_evio_test_consumer.cc; sourceTree = "<group>"; };
		40E74639191DA8F0008E4235 /* et_evio_test_consumer.1 */ = {isa = PBXFileReference; lastKnownFileType = text.man; path = et_evio_test_consumer.1; sourceTree = "<group>"; };
		40EBBBF921D6C3000013747B /* FADCdata.h */ = {isa = PBXFileReference; lastKnownFileType = sourcecode.c.h; path = FADCdata.h; sourceTree = "<group>"; };
		40F78AF422C2C6DE00EF7328 /* EcalBank.cpp */ = {isa = PBXFileReference; lastKnownFileType = sourcecode.cpp.cpp; path = EcalBank.cpp; sourceTree = "<group>"; };
		40F78AF522C2C6DE00EF7328 /* EcalBank.h */ = {isa = PBXFileReference; lastKnownFileType = sourcecode.c.h; path = EcalBank.h; sourceTree = "<group>"; };
/* End PBXFileReference section */

/* Begin PBXFrameworksBuildPhase section */
		4011BB1821D7C45300256470 /* Frameworks */ = {
			isa = PBXFrameworksBuildPhase;
			buildActionMask = 2147483647;
			files = (
				4011BB2421D7D70E00256470 /* libEvioTool.dylib in Frameworks */,
			);
			runOnlyForDeploymentPostprocessing = 0;
		};
		4024EB9B21F3F1CB00FE10F0 /* Frameworks */ = {
			isa = PBXFrameworksBuildPhase;
			buildActionMask = 2147483647;
			files = (
				4024EB9C21F3F1CB00FE10F0 /* libEvioTool.dylib in Frameworks */,
				4024EB9D21F3F1CB00FE10F0 /* libHPSEvioReader.dylib in Frameworks */,
			);
			runOnlyForDeploymentPostprocessing = 0;
		};
		40A1036621D29A9A0022AD2E /* Frameworks */ = {
			isa = PBXFrameworksBuildPhase;
			buildActionMask = 2147483647;
			files = (
				4070471C21DEA98300053DEE /* libEvioTool.dylib in Frameworks */,
			);
			runOnlyForDeploymentPostprocessing = 0;
		};
		40C50A0322D53E6B002D8AE1 /* Frameworks */ = {
			isa = PBXFrameworksBuildPhase;
			buildActionMask = 2147483647;
			files = (
				40C50A1E22D53FC5002D8AE1 /* libEvioTool.dylib in Frameworks */,
				40C50A1D22D53FBA002D8AE1 /* libHPSEvioReader.dylib in Frameworks */,
			);
			runOnlyForDeploymentPostprocessing = 0;
		};
		40DAD1C8225FE92A0003C58C /* Frameworks */ = {
			isa = PBXFrameworksBuildPhase;
			buildActionMask = 2147483647;
			files = (
				40DAD1C9225FE92A0003C58C /* libEvioTool.dylib in Frameworks */,
				40DAD1CA225FE92A0003C58C /* libHPSEvioReader.dylib in Frameworks */,
			);
			runOnlyForDeploymentPostprocessing = 0;
		};
		40E49CFB19034D3E00390847 /* Frameworks */ = {
			isa = PBXFrameworksBuildPhase;
			buildActionMask = 2147483647;
			files = (
			);
			runOnlyForDeploymentPostprocessing = 0;
		};
		40E6BFE71917E1F400BF03CA /* Frameworks */ = {
			isa = PBXFrameworksBuildPhase;
			buildActionMask = 2147483647;
			files = (
				40BE13BB22B7E97E00AE16C6 /* libevio-5.1.dylib in Frameworks */,
				40BE13AF22B7E97700AE16C6 /* libet-16.1.dylib in Frameworks */,
			);
			runOnlyForDeploymentPostprocessing = 0;
		};
		40E74620191B0BFC008E4235 /* Frameworks */ = {
			isa = PBXFrameworksBuildPhase;
			buildActionMask = 2147483647;
			files = (
				406C45D622C50052006161EB /* libEvioTool.dylib in Frameworks */,
				40A1038221D2A1EC0022AD2E /* libHPSEvioReader.dylib in Frameworks */,
			);
			runOnlyForDeploymentPostprocessing = 0;
		};
		40E74632191DA8F0008E4235 /* Frameworks */ = {
			isa = PBXFrameworksBuildPhase;
			buildActionMask = 2147483647;
			files = (
			);
			runOnlyForDeploymentPostprocessing = 0;
		};
/* End PBXFrameworksBuildPhase section */

/* Begin PBXGroup section */
		4011BB1C21D7C45300256470 /* EvioTool_Test */ = {
			isa = PBXGroup;
			children = (
				4011BB1D21D7C45300256470 /* EvioTool_Test.cpp */,
			);
			path = EvioTool_Test;
			sourceTree = "<group>";
		};
		4070472D21DEC6F300053DEE /* Products */ = {
			isa = PBXGroup;
			children = (
				4070473621DEC6F400053DEE /* libevio-5.1.dylib */,
				407047BE21DEDFF100053DEE /* libeviocxx-5.1.dylib */,
				4070473A21DEC6F400053DEE /* evio2xml */,
				4070473E21DEC6F400053DEE /* eviocopy */,
				40BE13B822B7E97700AE16C6 /* evioconcat */,
				40BE13BA22B7E97700AE16C6 /* eviosplit */,
			);
			name = Products;
			sourceTree = "<group>";
		};
		407047A821DEDFF000053DEE /* Products */ = {
			isa = PBXGroup;
			children = (
				407047B621DEDFF100053DEE /* libevio-4.4.6.dylib */,
				4070482D21DEEFD400053DEE /* libeviocxx-4.4.6.dylib */,
			);
			name = Products;
			sourceTree = "<group>";
		};
		4070485521DEF22C00053DEE /* Products */ = {
			isa = PBXGroup;
			children = (
				4070486221DEF22C00053DEE /* libet-16.1.dylib */,
				4070486421DEF22C00053DEE /* libet-16.1.a */,
				4070486621DEF22C00053DEE /* libet-16.1-remote.dylib */,
				4070486821DEF22C00053DEE /* libet-16.1-jni.dylib */,
				4070486A21DEF22C00053DEE /* et_start */,
				4070486C21DEF22C00053DEE /* et_monitor */,
				4070486E21DEF22C00053DEE /* et_producer */,
				4070487221DEF22C00053DEE /* et_consumer */,
			);
			name = Products;
			sourceTree = "<group>";
		};
		409A4A1B19086D81001AF63B /* Config */ = {
			isa = PBXGroup;
			children = (
				40E74617191826B8008E4235 /* EvioTool.xcconfig */,
				40E74618191826EB008E4235 /* programs.xcconfig */,
			);
			name = Config;
			sourceTree = "<group>";
		};
		40A1036921D29A9B0022AD2E /* HPSEvioReader */ = {
			isa = PBXGroup;
			children = (
				4070470721DEA83100053DEE /* HPSEvioReader_LinkDef.h */,
				400E859421F109EA002CA87E /* HPSEvioReader.h */,
				403E59E122BA6CA70026D8C3 /* HPSEvioReader.cpp */,
				406C45DC22C5420D006161EB /* Cluster.h */,
				406C45DB22C5420D006161EB /* Cluster.cpp */,
				406C45E022C66C13006161EB /* EcalCluster.h */,
				406C45DF22C66C13006161EB /* EcalCluster.cpp */,
				406C45D822C5409B006161EB /* EcalGTPCluster.h */,
				406C45D722C5409B006161EB /* EcalGTPCluster.cpp */,
				40DB0B6622D50A4F004226E1 /* EcalHit.h */,
				40DB0B6522D50A4F004226E1 /* EcalHit.cpp */,
				40F78AF522C2C6DE00EF7328 /* EcalBank.h */,
				40F78AF422C2C6DE00EF7328 /* EcalBank.cpp */,
				400E859121F10998002CA87E /* Header.h */,
				400E859021F10998002CA87E /* Header.cpp */,
				40BE13BD22B9B1EB00AE16C6 /* Headbank.h */,
				40BE13BC22B9B1EB00AE16C6 /* Headbank.cpp */,
				4070470921DEA83100053DEE /* SVTBank.h */,
				4070470821DEA83100053DEE /* SVTBank.cc */,
				40BE13C022B9B4F200AE16C6 /* TSBank.h */,
				40BE13C122B9B4F200AE16C6 /* TSBank.cpp */,
				406693CF22C11AF90056E759 /* TriggerConfig.h */,
				406693CE22C11AF90056E759 /* TriggerConfig.cpp */,
				403E59F322BA7AC70026D8C3 /* VTPBank.h */,
				403E59F222BA7AC70026D8C3 /* VTPBank.cpp */,
			);
			path = HPSEvioReader;
			sourceTree = "<group>";
		};
		40C50A1A22D53ECB002D8AE1 /* HPS_Trigger_Test */ = {
			isa = PBXGroup;
			children = (
				40C50A1B22D53F15002D8AE1 /* HPS_Trigger_Test.cpp */,
				40C50A1F22D55959002D8AE1 /* TriggerHistograms.cpp */,
				40C50A2022D55959002D8AE1 /* TriggerHistograms.h */,
				40C50A2222D55FDB002D8AE1 /* Arguments.h */,
			);
			path = HPS_Trigger_Test;
			sourceTree = "<group>";
		};
		40D9689021C85DD10075DF34 /* Frameworks */ = {
			isa = PBXGroup;
			children = (
			);
			name = Frameworks;
			sourceTree = "<group>";
		};
		40E49CF519034D3E00390847 = {
			isa = PBXGroup;
			children = (
				400E858F21F107CD002CA87E /* HPSEvioReader_Test_obsolete */,
				400E858121F1078C002CA87E /* HPSEvioReader_obsolete */,
				407047A721DEDFF000053DEE /* evio-4.4.6.xcodeproj */,
				4070472C21DEC6F300053DEE /* evio-5.1.xcodeproj */,
				4070485421DEF22C00053DEE /* et-16.1.xcodeproj */,
				409A4A1B19086D81001AF63B /* Config */,
				40E49D0019034D3E00390847 /* EvioTool */,
				4011BB1C21D7C45300256470 /* EvioTool_Test */,
				40A1036921D29A9B0022AD2E /* HPSEvioReader */,
				40E74624191B0BFC008E4235 /* HPSEvioReader_Test */,
				40C50A1A22D53ECB002D8AE1 /* HPS_Trigger_Test */,
				40E6BFEB1917E1F400BF03CA /* et_evio_blaster */,
				40E74636191DA8F0008E4235 /* et_evio_test_consumer */,
				40E49CFF19034D3E00390847 /* Products */,
				40D9689021C85DD10075DF34 /* Frameworks */,
			);
			sourceTree = "<group>";
		};
		40E49CFF19034D3E00390847 /* Products */ = {
			isa = PBXGroup;
			children = (
				40E49CFE19034D3E00390847 /* libEvioTool.dylib */,
				40E6BFEA1917E1F400BF03CA /* et_evio_blaster */,
				40E74623191B0BFC008E4235 /* HPSEvioReader_Test */,
				40E74635191DA8F0008E4235 /* et_evio_test_consumer */,
				40A1036821D29A9A0022AD2E /* libHPSEvioReader.dylib */,
				4011BB1B21D7C45300256470 /* EvioTool_Test */,
				4024EBA321F3F1CB00FE10F0 /* HPSEvioReader_MT */,
				40DAD1D0225FE92A0003C58C /* HodoEvioReader */,
				40C50A0A22D53E6B002D8AE1 /* HPS_Trigger_test */,
			);
			name = Products;
			sourceTree = "<group>";
		};
		40E49D0019034D3E00390847 /* EvioTool */ = {
			isa = PBXGroup;
			children = (
				407048B221E0526C00053DEE /* EvioTool_LinkDef.h */,
				40C763901ABCED8600410152 /* Bank.h */,
				40C7638F1ABCED8600410152 /* Bank.cc */,
				40C763841ABCECA400410152 /* EvioTool.h */,
				40C763831ABCECA400410152 /* EvioTool.cc */,
				40EBBBF921D6C3000013747B /* FADCdata.h */,
				4011BB0B21D6D21900256470 /* FADCdata.cc */,
				40C7638A1ABCED7100410152 /* Leaf.h */,
				40C763891ABCED7100410152 /* Leaf.cc */,
			);
			path = EvioTool;
			sourceTree = "<group>";
		};
		40E6BFEB1917E1F400BF03CA /* et_evio_blaster */ = {
			isa = PBXGroup;
			children = (
				40E6BFEC1917E1F400BF03CA /* et_evio_blaster.cc */,
				40E6BFEE1917E1F400BF03CA /* et_evio_blaster.1 */,
			);
			path = et_evio_blaster;
			sourceTree = "<group>";
		};
		40E74624191B0BFC008E4235 /* HPSEvioReader_Test */ = {
			isa = PBXGroup;
			children = (
				40DAD1B2225FE90B0003C58C /* EvioReaderApp.cpp */,
				4070470D21DEA89A00053DEE /* HPSEvioReader_Test.cpp */,
				4024EB8621F3F1C100FE10F0 /* HPSEvioReader_MT.cpp */,
			);
			path = HPSEvioReader_Test;
			sourceTree = "<group>";
		};
		40E74636191DA8F0008E4235 /* et_evio_test_consumer */ = {
			isa = PBXGroup;
			children = (
				40E74637191DA8F0008E4235 /* et_evio_test_consumer.cc */,
				40E74639191DA8F0008E4235 /* et_evio_test_consumer.1 */,
			);
			path = et_evio_test_consumer;
			sourceTree = "<group>";
		};
/* End PBXGroup section */

/* Begin PBXHeadersBuildPhase section */
		40A1036421D29A9A0022AD2E /* Headers */ = {
			isa = PBXHeadersBuildPhase;
			buildActionMask = 2147483647;
			files = (
				40BE13BF22B9B1EB00AE16C6 /* Headbank.h in Headers */,
				406C45E222C66C13006161EB /* EcalCluster.h in Headers */,
				4070470C21DEA83100053DEE /* SVTBank.h in Headers */,
				406693D122C11AF90056E759 /* TriggerConfig.h in Headers */,
				406C45DE22C5420D006161EB /* Cluster.h in Headers */,
				40F78AF722C2C6DE00EF7328 /* EcalBank.h in Headers */,
				400E859321F10998002CA87E /* Header.h in Headers */,
				40DB0B6822D50A4F004226E1 /* EcalHit.h in Headers */,
				403E59F522BA7AC70026D8C3 /* VTPBank.h in Headers */,
				40BE13C222B9B4F200AE16C6 /* TSBank.h in Headers */,
				406C45DA22C5409B006161EB /* EcalGTPCluster.h in Headers */,
				4070470A21DEA83100053DEE /* HPSEvioReader_LinkDef.h in Headers */,
			);
			runOnlyForDeploymentPostprocessing = 0;
		};
		40E49CFC19034D3E00390847 /* Headers */ = {
			isa = PBXHeadersBuildPhase;
			buildActionMask = 2147483647;
			files = (
				40C7638D1ABCED7100410152 /* Leaf.h in Headers */,
				407048B321E0526C00053DEE /* EvioTool_LinkDef.h in Headers */,
				40C763871ABCECA400410152 /* EvioTool.h in Headers */,
				40C763931ABCED8600410152 /* Bank.h in Headers */,
			);
			runOnlyForDeploymentPostprocessing = 0;
		};
/* End PBXHeadersBuildPhase section */

/* Begin PBXNativeTarget section */
		4011BB1A21D7C45300256470 /* EvioTool_Test */ = {
			isa = PBXNativeTarget;
			buildConfigurationList = 4011BB1F21D7C45300256470 /* Build configuration list for PBXNativeTarget "EvioTool_Test" */;
			buildPhases = (
				4011BB1721D7C45300256470 /* Sources */,
				4011BB1821D7C45300256470 /* Frameworks */,
				4011BB1921D7C45300256470 /* CopyFiles */,
				4011BB2521D7D72B00256470 /* ShellScript */,
			);
			buildRules = (
			);
			dependencies = (
				4070489721DEF83000053DEE /* PBXTargetDependency */,
				4070489521DEF82200053DEE /* PBXTargetDependency */,
			);
			name = EvioTool_Test;
			productName = EvioTool_Test;
			productReference = 4011BB1B21D7C45300256470 /* EvioTool_Test */;
			productType = "com.apple.product-type.tool";
		};
		4024EB9421F3F1CB00FE10F0 /* HPSEvioReader_MT */ = {
			isa = PBXNativeTarget;
			buildConfigurationList = 4024EBA021F3F1CB00FE10F0 /* Build configuration list for PBXNativeTarget "HPSEvioReader_MT" */;
			buildPhases = (
				4024EB9921F3F1CB00FE10F0 /* Sources */,
				4024EB9B21F3F1CB00FE10F0 /* Frameworks */,
				4024EB9E21F3F1CB00FE10F0 /* CopyFiles */,
				4024EB9F21F3F1CB00FE10F0 /* ShellScript */,
			);
			buildRules = (
			);
			dependencies = (
				4024EB9521F3F1CB00FE10F0 /* PBXTargetDependency */,
				4024EB9721F3F1CB00FE10F0 /* PBXTargetDependency */,
			);
			name = HPSEvioReader_MT;
			productName = EvioTool_Test;
			productReference = 4024EBA321F3F1CB00FE10F0 /* HPSEvioReader_MT */;
			productType = "com.apple.product-type.tool";
		};
		40A1036721D29A9A0022AD2E /* HPSEvioReader */ = {
			isa = PBXNativeTarget;
			buildConfigurationList = 40A1037021D29A9B0022AD2E /* Build configuration list for PBXNativeTarget "HPSEvioReader" */;
			buildPhases = (
				40A1036421D29A9A0022AD2E /* Headers */,
				40A1036521D29A9A0022AD2E /* Sources */,
				40A1036621D29A9A0022AD2E /* Frameworks */,
				40A1038121D2A0830022AD2E /* ShellScript */,
			);
			buildRules = (
				40A1037E21D29B180022AD2E /* PBXBuildRule */,
			);
			dependencies = (
				4070489921DEF83A00053DEE /* PBXTargetDependency */,
				4070487A21DEF7E800053DEE /* PBXTargetDependency */,
			);
			name = HPSEvioReader;
			productName = HPSEvioReader;
			productReference = 40A1036821D29A9A0022AD2E /* libHPSEvioReader.dylib */;
			productType = "com.apple.product-type.library.dynamic";
		};
		40C509FC22D53E6B002D8AE1 /* HPS_Trigger_test */ = {
			isa = PBXNativeTarget;
			buildConfigurationList = 40C50A0722D53E6B002D8AE1 /* Build configuration list for PBXNativeTarget "HPS_Trigger_test" */;
			buildPhases = (
				40C50A0122D53E6B002D8AE1 /* Sources */,
				40C50A0322D53E6B002D8AE1 /* Frameworks */,
				40C50A0522D53E6B002D8AE1 /* CopyFiles */,
				40C50A0622D53E6B002D8AE1 /* ShellScript */,
			);
			buildRules = (
			);
			dependencies = (
				40C509FD22D53E6B002D8AE1 /* PBXTargetDependency */,
				40C509FF22D53E6B002D8AE1 /* PBXTargetDependency */,
			);
			name = HPS_Trigger_test;
			productName = EvioTool_Test;
			productReference = 40C50A0A22D53E6B002D8AE1 /* HPS_Trigger_test */;
			productType = "com.apple.product-type.tool";
		};
		40DAD1C1225FE92A0003C58C /* HodoEvioReader */ = {
			isa = PBXNativeTarget;
			buildConfigurationList = 40DAD1CD225FE92A0003C58C /* Build configuration list for PBXNativeTarget "HodoEvioReader" */;
			buildPhases = (
				40DAD1C6225FE92A0003C58C /* Sources */,
				40DAD1C8225FE92A0003C58C /* Frameworks */,
				40DAD1CB225FE92A0003C58C /* CopyFiles */,
				40DAD1CC225FE92A0003C58C /* ShellScript */,
			);
			buildRules = (
			);
			dependencies = (
				40DAD1C2225FE92A0003C58C /* PBXTargetDependency */,
				40DAD1C4225FE92A0003C58C /* PBXTargetDependency */,
			);
			name = HodoEvioReader;
			productName = EvioTool_Test;
			productReference = 40DAD1D0225FE92A0003C58C /* HodoEvioReader */;
			productType = "com.apple.product-type.tool";
		};
		40E49CFD19034D3E00390847 /* EvioTool */ = {
			isa = PBXNativeTarget;
			buildConfigurationList = 40E49D0B19034D3E00390847 /* Build configuration list for PBXNativeTarget "EvioTool" */;
			buildPhases = (
				40E49CFA19034D3E00390847 /* Sources */,
				40E49CFB19034D3E00390847 /* Frameworks */,
				40E49CFC19034D3E00390847 /* Headers */,
				40C763A71ABCF3DD00410152 /* ShellScript */,
			);
			buildRules = (
				40FCDEC821C9336100DFF96C /* PBXBuildRule */,
			);
			dependencies = (
			);
			name = EvioTool;
			productName = EvioTool;
			productReference = 40E49CFE19034D3E00390847 /* libEvioTool.dylib */;
			productType = "com.apple.product-type.library.dynamic";
		};
		40E6BFE91917E1F400BF03CA /* et_evio_blaster */ = {
			isa = PBXNativeTarget;
			buildConfigurationList = 40E6BFF21917E1F400BF03CA /* Build configuration list for PBXNativeTarget "et_evio_blaster" */;
			buildPhases = (
				40E6BFE61917E1F400BF03CA /* Sources */,
				40E6BFE71917E1F400BF03CA /* Frameworks */,
				40E6BFE81917E1F400BF03CA /* CopyFiles */,
				40D968A721C891F20075DF34 /* ShellScript */,
			);
			buildRules = (
			);
			dependencies = (
				40E7461A191B0198008E4235 /* PBXTargetDependency */,
			);
			name = et_evio_blaster;
			productName = et_evio_blaster;
			productReference = 40E6BFEA1917E1F400BF03CA /* et_evio_blaster */;
			productType = "com.apple.product-type.tool";
		};
		40E74622191B0BFC008E4235 /* HPSEvioReader_Test */ = {
			isa = PBXNativeTarget;
			buildConfigurationList = 40E74629191B0BFC008E4235 /* Build configuration list for PBXNativeTarget "HPSEvioReader_Test" */;
			buildPhases = (
				40E7461F191B0BFC008E4235 /* Sources */,
				40E74620191B0BFC008E4235 /* Frameworks */,
				40E74621191B0BFC008E4235 /* CopyFiles */,
				40D968A821C892110075DF34 /* ShellScript */,
			);
			buildRules = (
			);
			dependencies = (
				4070471F21DEAA3600053DEE /* PBXTargetDependency */,
				40E74630191BD2EC008E4235 /* PBXTargetDependency */,
			);
			name = HPSEvioReader_Test;
			productName = EvioTool_Test;
			productReference = 40E74623191B0BFC008E4235 /* HPSEvioReader_Test */;
			productType = "com.apple.product-type.tool";
		};
		40E74634191DA8F0008E4235 /* et_evio_test_consumer */ = {
			isa = PBXNativeTarget;
			buildConfigurationList = 40E7463B191DA8F0008E4235 /* Build configuration list for PBXNativeTarget "et_evio_test_consumer" */;
			buildPhases = (
				40E74631191DA8F0008E4235 /* Sources */,
				40E74632191DA8F0008E4235 /* Frameworks */,
				40E74633191DA8F0008E4235 /* CopyFiles */,
				40D968A921C892190075DF34 /* ShellScript */,
			);
			buildRules = (
			);
			dependencies = (
			);
			name = et_evio_test_consumer;
			productName = et_evio_test_consumer;
			productReference = 40E74635191DA8F0008E4235 /* et_evio_test_consumer */;
			productType = "com.apple.product-type.tool";
		};
/* End PBXNativeTarget section */

/* Begin PBXProject section */
		40E49CF619034D3E00390847 /* Project object */ = {
			isa = PBXProject;
			attributes = {
				LastSwiftUpdateCheck = 1010;
				LastUpgradeCheck = 0510;
				ORGANIZATIONNAME = UNH;
				TargetAttributes = {
					4011BB1A21D7C45300256470 = {
						CreatedOnToolsVersion = 10.1;
						ProvisioningStyle = Automatic;
					};
					40A1036721D29A9A0022AD2E = {
						CreatedOnToolsVersion = 10.1;
						ProvisioningStyle = Automatic;
					};
				};
			};
			buildConfigurationList = 40E49CF919034D3E00390847 /* Build configuration list for PBXProject "EvioTool" */;
			compatibilityVersion = "Xcode 10.0";
			developmentRegion = English;
			hasScannedForEncodings = 0;
			knownRegions = (
				English,
				en,
			);
			mainGroup = 40E49CF519034D3E00390847;
			productRefGroup = 40E49CFF19034D3E00390847 /* Products */;
			projectDirPath = "";
			projectReferences = (
				{
					ProductGroup = 4070485521DEF22C00053DEE /* Products */;
					ProjectRef = 4070485421DEF22C00053DEE /* et-16.1.xcodeproj */;
				},
				{
					ProductGroup = 407047A821DEDFF000053DEE /* Products */;
					ProjectRef = 407047A721DEDFF000053DEE /* evio-4.4.6.xcodeproj */;
				},
				{
					ProductGroup = 4070472D21DEC6F300053DEE /* Products */;
					ProjectRef = 4070472C21DEC6F300053DEE /* evio-5.1.xcodeproj */;
				},
			);
			projectRoot = "";
			targets = (
				40E49CFD19034D3E00390847 /* EvioTool */,
				4011BB1A21D7C45300256470 /* EvioTool_Test */,
				40A1036721D29A9A0022AD2E /* HPSEvioReader */,
				40E74622191B0BFC008E4235 /* HPSEvioReader_Test */,
				4024EB9421F3F1CB00FE10F0 /* HPSEvioReader_MT */,
				40E6BFE91917E1F400BF03CA /* et_evio_blaster */,
				40E74634191DA8F0008E4235 /* et_evio_test_consumer */,
				40C13D2D19704834008307A1 /* AllEvioTool */,
				40DAD1C1225FE92A0003C58C /* HodoEvioReader */,
				40C509FC22D53E6B002D8AE1 /* HPS_Trigger_test */,
			);
		};
/* End PBXProject section */

/* Begin PBXReferenceProxy section */
		4070473621DEC6F400053DEE /* libevio-5.1.dylib */ = {
			isa = PBXReferenceProxy;
			fileType = "compiled.mach-o.dylib";
			path = "libevio-5.1.dylib";
			remoteRef = 4070473521DEC6F400053DEE /* PBXContainerItemProxy */;
			sourceTree = BUILT_PRODUCTS_DIR;
		};
		4070473A21DEC6F400053DEE /* evio2xml */ = {
			isa = PBXReferenceProxy;
			fileType = "compiled.mach-o.executable";
			path = evio2xml;
			remoteRef = 4070473921DEC6F400053DEE /* PBXContainerItemProxy */;
			sourceTree = BUILT_PRODUCTS_DIR;
		};
		4070473E21DEC6F400053DEE /* eviocopy */ = {
			isa = PBXReferenceProxy;
			fileType = "compiled.mach-o.executable";
			path = eviocopy;
			remoteRef = 4070473D21DEC6F400053DEE /* PBXContainerItemProxy */;
			sourceTree = BUILT_PRODUCTS_DIR;
		};
		407047B621DEDFF100053DEE /* libevio-4.4.6.dylib */ = {
			isa = PBXReferenceProxy;
			fileType = "compiled.mach-o.dylib";
			path = "libevio-4.4.6.dylib";
			remoteRef = 407047B521DEDFF100053DEE /* PBXContainerItemProxy */;
			sourceTree = BUILT_PRODUCTS_DIR;
		};
		407047BE21DEDFF100053DEE /* libeviocxx-5.1.dylib */ = {
			isa = PBXReferenceProxy;
			fileType = "compiled.mach-o.dylib";
			path = "libeviocxx-5.1.dylib";
			remoteRef = 407047BD21DEDFF100053DEE /* PBXContainerItemProxy */;
			sourceTree = BUILT_PRODUCTS_DIR;
		};
		4070482D21DEEFD400053DEE /* libeviocxx-4.4.6.dylib */ = {
			isa = PBXReferenceProxy;
			fileType = "compiled.mach-o.dylib";
			path = "libeviocxx-4.4.6.dylib";
			remoteRef = 4070482C21DEEFD400053DEE /* PBXContainerItemProxy */;
			sourceTree = BUILT_PRODUCTS_DIR;
		};
		4070486221DEF22C00053DEE /* libet-16.1.dylib */ = {
			isa = PBXReferenceProxy;
			fileType = "compiled.mach-o.dylib";
			path = "libet-16.1.dylib";
			remoteRef = 4070486121DEF22C00053DEE /* PBXContainerItemProxy */;
			sourceTree = BUILT_PRODUCTS_DIR;
		};
		4070486421DEF22C00053DEE /* libet-16.1.a */ = {
			isa = PBXReferenceProxy;
			fileType = "compiled.mach-o.dylib";
			path = "libet-16.1.a";
			remoteRef = 4070486321DEF22C00053DEE /* PBXContainerItemProxy */;
			sourceTree = BUILT_PRODUCTS_DIR;
		};
		4070486621DEF22C00053DEE /* libet-16.1-remote.dylib */ = {
			isa = PBXReferenceProxy;
			fileType = "compiled.mach-o.dylib";
			path = "libet-16.1-remote.dylib";
			remoteRef = 4070486521DEF22C00053DEE /* PBXContainerItemProxy */;
			sourceTree = BUILT_PRODUCTS_DIR;
		};
		4070486821DEF22C00053DEE /* libet-16.1-jni.dylib */ = {
			isa = PBXReferenceProxy;
			fileType = "compiled.mach-o.dylib";
			path = "libet-16.1-jni.dylib";
			remoteRef = 4070486721DEF22C00053DEE /* PBXContainerItemProxy */;
			sourceTree = BUILT_PRODUCTS_DIR;
		};
		4070486A21DEF22C00053DEE /* et_start */ = {
			isa = PBXReferenceProxy;
			fileType = "compiled.mach-o.executable";
			path = et_start;
			remoteRef = 4070486921DEF22C00053DEE /* PBXContainerItemProxy */;
			sourceTree = BUILT_PRODUCTS_DIR;
		};
		4070486C21DEF22C00053DEE /* et_monitor */ = {
			isa = PBXReferenceProxy;
			fileType = "compiled.mach-o.executable";
			path = et_monitor;
			remoteRef = 4070486B21DEF22C00053DEE /* PBXContainerItemProxy */;
			sourceTree = BUILT_PRODUCTS_DIR;
		};
		4070486E21DEF22C00053DEE /* et_producer */ = {
			isa = PBXReferenceProxy;
			fileType = "compiled.mach-o.executable";
			path = et_producer;
			remoteRef = 4070486D21DEF22C00053DEE /* PBXContainerItemProxy */;
			sourceTree = BUILT_PRODUCTS_DIR;
		};
		4070487221DEF22C00053DEE /* et_consumer */ = {
			isa = PBXReferenceProxy;
			fileType = "compiled.mach-o.executable";
			path = et_consumer;
			remoteRef = 4070487121DEF22C00053DEE /* PBXContainerItemProxy */;
			sourceTree = BUILT_PRODUCTS_DIR;
		};
		40BE13B822B7E97700AE16C6 /* evioconcat */ = {
			isa = PBXReferenceProxy;
			fileType = "compiled.mach-o.executable";
			path = evioconcat;
			remoteRef = 40BE13B722B7E97700AE16C6 /* PBXContainerItemProxy */;
			sourceTree = BUILT_PRODUCTS_DIR;
		};
		40BE13BA22B7E97700AE16C6 /* eviosplit */ = {
			isa = PBXReferenceProxy;
			fileType = "compiled.mach-o.executable";
			path = eviosplit;
			remoteRef = 40BE13B922B7E97700AE16C6 /* PBXContainerItemProxy */;
			sourceTree = BUILT_PRODUCTS_DIR;
		};
/* End PBXReferenceProxy section */

/* Begin PBXShellScriptBuildPhase section */
		4011BB2521D7D72B00256470 /* ShellScript */ = {
			isa = PBXShellScriptBuildPhase;
			buildActionMask = 2147483647;
			files = (
			);
			inputFileListPaths = (
			);
			inputPaths = (
			);
			outputFileListPaths = (
			);
			outputPaths = (
			);
			runOnlyForDeploymentPostprocessing = 0;
			shellPath = /bin/sh;
			shellScript = "echo \"Copy ${FULL_PRODUCT_NAME} to final destination.\"\ncp -v ${BUILT_PRODUCTS_DIR}/${FULL_PRODUCT_NAME} ${INSTALL_DIR}\n# cp -v ${BUILT_PRODUCTS_DIR}/${PRODUCT_NAME}Dict_rdict.pcm ${INSTALL_DIR}\n";
			showEnvVarsInLog = 0;
		};
		4024EB9F21F3F1CB00FE10F0 /* ShellScript */ = {
			isa = PBXShellScriptBuildPhase;
			buildActionMask = 2147483647;
			files = (
			);
			inputFileListPaths = (
			);
			inputPaths = (
			);
			outputFileListPaths = (
			);
			outputPaths = (
			);
			runOnlyForDeploymentPostprocessing = 0;
			shellPath = /bin/sh;
			shellScript = "echo \"Copy ${FULL_PRODUCT_NAME} to final destination.\"\ncp -v ${BUILT_PRODUCTS_DIR}/${FULL_PRODUCT_NAME} ${INSTALL_DIR}\n# cp -v ${BUILT_PRODUCTS_DIR}/${PRODUCT_NAME}Dict_rdict.pcm ${INSTALL_DIR}\n";
			showEnvVarsInLog = 0;
		};
		40A1038121D2A0830022AD2E /* ShellScript */ = {
			isa = PBXShellScriptBuildPhase;
			buildActionMask = 2147483647;
			files = (
			);
			inputFileListPaths = (
			);
			inputPaths = (
			);
			outputFileListPaths = (
			);
			outputPaths = (
			);
			runOnlyForDeploymentPostprocessing = 0;
			shellPath = /bin/sh;
			shellScript = "echo \"Copy ${FULL_PRODUCT_NAME} to final destination.\"\ncp -v ${BUILT_PRODUCTS_DIR}/${FULL_PRODUCT_NAME} ${INSTALL_DIR}\ncp -v ${BUILT_PRODUCTS_DIR}/*_rdict.pcm ${INSTALL_DIR}\n";
			showEnvVarsInLog = 0;
		};
		40C50A0622D53E6B002D8AE1 /* ShellScript */ = {
			isa = PBXShellScriptBuildPhase;
			buildActionMask = 2147483647;
			files = (
			);
			inputFileListPaths = (
			);
			inputPaths = (
			);
			outputFileListPaths = (
			);
			outputPaths = (
			);
			runOnlyForDeploymentPostprocessing = 0;
			shellPath = /bin/sh;
			shellScript = "echo \"Copy ${FULL_PRODUCT_NAME} to final destination.\"\ncp -v ${BUILT_PRODUCTS_DIR}/${FULL_PRODUCT_NAME} ${INSTALL_DIR}\n# cp -v ${BUILT_PRODUCTS_DIR}/${PRODUCT_NAME}Dict_rdict.pcm ${INSTALL_DIR}\n";
			showEnvVarsInLog = 0;
		};
		40C763A71ABCF3DD00410152 /* ShellScript */ = {
			isa = PBXShellScriptBuildPhase;
			buildActionMask = 2147483647;
			files = (
			);
			inputPaths = (
			);
			outputPaths = (
			);
			runOnlyForDeploymentPostprocessing = 0;
			shellPath = /bin/sh;
			shellScript = "echo \"Copy ${FULL_PRODUCT_NAME} to final destination.\"\ncp -v ${BUILT_PRODUCTS_DIR}/${FULL_PRODUCT_NAME} ${INSTALL_DIR}\ncp -v ${BUILT_PRODUCTS_DIR}/*_rdict.pcm ${INSTALL_DIR}\n";
			showEnvVarsInLog = 0;
		};
		40D968A721C891F20075DF34 /* ShellScript */ = {
			isa = PBXShellScriptBuildPhase;
			buildActionMask = 2147483647;
			files = (
			);
			inputFileListPaths = (
			);
			inputPaths = (
			);
			outputFileListPaths = (
			);
			outputPaths = (
			);
			runOnlyForDeploymentPostprocessing = 0;
			shellPath = /bin/sh;
			shellScript = "echo \"Copy ${FULL_PRODUCT_NAME} to final destination.\"\ncp -v ${BUILT_PRODUCTS_DIR}/${FULL_PRODUCT_NAME} ${INSTALL_DIR}\n# cp -v ${BUILT_PRODUCTS_DIR}/${PRODUCT_NAME}Dict_rdict.pcm ${INSTALL_DIR}\n";
			showEnvVarsInLog = 0;
		};
		40D968A821C892110075DF34 /* ShellScript */ = {
			isa = PBXShellScriptBuildPhase;
			buildActionMask = 2147483647;
			files = (
			);
			inputFileListPaths = (
			);
			inputPaths = (
			);
			outputFileListPaths = (
			);
			outputPaths = (
			);
			runOnlyForDeploymentPostprocessing = 0;
			shellPath = /bin/sh;
			shellScript = "echo \"Copy ${FULL_PRODUCT_NAME} to final destination.\"\ncp -v ${BUILT_PRODUCTS_DIR}/${FULL_PRODUCT_NAME} ${INSTALL_DIR}\n# cp -v ${BUILT_PRODUCTS_DIR}/${PRODUCT_NAME}Dict_rdict.pcm ${INSTALL_DIR}\n";
			showEnvVarsInLog = 0;
		};
		40D968A921C892190075DF34 /* ShellScript */ = {
			isa = PBXShellScriptBuildPhase;
			buildActionMask = 2147483647;
			files = (
			);
			inputFileListPaths = (
			);
			inputPaths = (
			);
			outputFileListPaths = (
			);
			outputPaths = (
			);
			runOnlyForDeploymentPostprocessing = 0;
			shellPath = /bin/sh;
			shellScript = "echo \"Copy ${FULL_PRODUCT_NAME} to final destination.\"\ncp -v ${BUILT_PRODUCTS_DIR}/${FULL_PRODUCT_NAME} ${INSTALL_DIR}\n# cp -v ${BUILT_PRODUCTS_DIR}/${PRODUCT_NAME}Dict_rdict.pcm ${INSTALL_DIR}\n";
			showEnvVarsInLog = 0;
		};
		40DAD1CC225FE92A0003C58C /* ShellScript */ = {
			isa = PBXShellScriptBuildPhase;
			buildActionMask = 2147483647;
			files = (
			);
			inputFileListPaths = (
			);
			inputPaths = (
			);
			outputFileListPaths = (
			);
			outputPaths = (
			);
			runOnlyForDeploymentPostprocessing = 0;
			shellPath = /bin/sh;
			shellScript = "echo \"Copy ${FULL_PRODUCT_NAME} to final destination.\"\ncp -v ${BUILT_PRODUCTS_DIR}/${FULL_PRODUCT_NAME} ${INSTALL_DIR}\n# cp -v ${BUILT_PRODUCTS_DIR}/${PRODUCT_NAME}Dict_rdict.pcm ${INSTALL_DIR}\n";
			showEnvVarsInLog = 0;
		};
/* End PBXShellScriptBuildPhase section */

/* Begin PBXSourcesBuildPhase section */
		4011BB1721D7C45300256470 /* Sources */ = {
			isa = PBXSourcesBuildPhase;
			buildActionMask = 2147483647;
			files = (
				4011BB1E21D7C45300256470 /* EvioTool_Test.cpp in Sources */,
			);
			runOnlyForDeploymentPostprocessing = 0;
		};
		4024EB9921F3F1CB00FE10F0 /* Sources */ = {
			isa = PBXSourcesBuildPhase;
			buildActionMask = 2147483647;
			files = (
				4024EBA421F3F24200FE10F0 /* HPSEvioReader_MT.cpp in Sources */,
			);
			runOnlyForDeploymentPostprocessing = 0;
		};
		40A1036521D29A9A0022AD2E /* Sources */ = {
			isa = PBXSourcesBuildPhase;
			buildActionMask = 2147483647;
			files = (
				400E859521F10A93002CA87E /* HPSEvioReader.h in Sources */,
				400E859221F10998002CA87E /* Header.cpp in Sources */,
				406C45DD22C5420D006161EB /* Cluster.cpp in Sources */,
				4070470B21DEA83100053DEE /* SVTBank.cc in Sources */,
				40BE13C322B9B4F200AE16C6 /* TSBank.cpp in Sources */,
				406693D022C11AF90056E759 /* TriggerConfig.cpp in Sources */,
				40BE13BE22B9B1EB00AE16C6 /* Headbank.cpp in Sources */,
				40F78AF622C2C6DE00EF7328 /* EcalBank.cpp in Sources */,
				403E59F422BA7AC70026D8C3 /* VTPBank.cpp in Sources */,
				403E59E222BA6CA70026D8C3 /* HPSEvioReader.cpp in Sources */,
				406C45D922C5409B006161EB /* EcalGTPCluster.cpp in Sources */,
				40DB0B6722D50A4F004226E1 /* EcalHit.cpp in Sources */,
				406C45E122C66C13006161EB /* EcalCluster.cpp in Sources */,
			);
			runOnlyForDeploymentPostprocessing = 0;
		};
		40C50A0122D53E6B002D8AE1 /* Sources */ = {
			isa = PBXSourcesBuildPhase;
			buildActionMask = 2147483647;
			files = (
				40C50A1C22D53F15002D8AE1 /* HPS_Trigger_Test.cpp in Sources */,
				40C50A2122D55959002D8AE1 /* TriggerHistograms.cpp in Sources */,
			);
			runOnlyForDeploymentPostprocessing = 0;
		};
		40DAD1C6225FE92A0003C58C /* Sources */ = {
			isa = PBXSourcesBuildPhase;
			buildActionMask = 2147483647;
			files = (
				40DAD1D1225FE94B0003C58C /* EvioReaderApp.cpp in Sources */,
			);
			runOnlyForDeploymentPostprocessing = 0;
		};
		40E49CFA19034D3E00390847 /* Sources */ = {
			isa = PBXSourcesBuildPhase;
			buildActionMask = 2147483647;
			files = (
				40A1036321D29A590022AD2E /* EvioTool.h in Sources */,
				40C763861ABCECA400410152 /* EvioTool.cc in Sources */,
				40C7638C1ABCED7100410152 /* Leaf.cc in Sources */,
				40C763921ABCED8600410152 /* Bank.cc in Sources */,
				4011BB0C21D6D21900256470 /* FADCdata.cc in Sources */,
			);
			runOnlyForDeploymentPostprocessing = 0;
		};
		40E6BFE61917E1F400BF03CA /* Sources */ = {
			isa = PBXSourcesBuildPhase;
			buildActionMask = 2147483647;
			files = (
				40E6BFED1917E1F400BF03CA /* et_evio_blaster.cc in Sources */,
			);
			runOnlyForDeploymentPostprocessing = 0;
		};
		40E7461F191B0BFC008E4235 /* Sources */ = {
			isa = PBXSourcesBuildPhase;
			buildActionMask = 2147483647;
			files = (
				4070470E21DEA89A00053DEE /* HPSEvioReader_Test.cpp in Sources */,
			);
			runOnlyForDeploymentPostprocessing = 0;
		};
		40E74631191DA8F0008E4235 /* Sources */ = {
			isa = PBXSourcesBuildPhase;
			buildActionMask = 2147483647;
			files = (
				40E74638191DA8F0008E4235 /* et_evio_test_consumer.cc in Sources */,
			);
			runOnlyForDeploymentPostprocessing = 0;
		};
/* End PBXSourcesBuildPhase section */

/* Begin PBXTargetDependency section */
		4011BB2321D7D6FF00256470 /* PBXTargetDependency */ = {
			isa = PBXTargetDependency;
			target = 4011BB1A21D7C45300256470 /* EvioTool_Test */;
			targetProxy = 4011BB2221D7D6FF00256470 /* PBXContainerItemProxy */;
		};
		4024EB9521F3F1CB00FE10F0 /* PBXTargetDependency */ = {
			isa = PBXTargetDependency;
			target = 40A1036721D29A9A0022AD2E /* HPSEvioReader */;
			targetProxy = 4024EB9621F3F1CB00FE10F0 /* PBXContainerItemProxy */;
		};
		4024EB9721F3F1CB00FE10F0 /* PBXTargetDependency */ = {
			isa = PBXTargetDependency;
			target = 40E49CFD19034D3E00390847 /* EvioTool */;
			targetProxy = 4024EB9821F3F1CB00FE10F0 /* PBXContainerItemProxy */;
		};
		4070471F21DEAA3600053DEE /* PBXTargetDependency */ = {
			isa = PBXTargetDependency;
			target = 40A1036721D29A9A0022AD2E /* HPSEvioReader */;
			targetProxy = 4070471E21DEAA3600053DEE /* PBXContainerItemProxy */;
		};
		4070487A21DEF7E800053DEE /* PBXTargetDependency */ = {
			isa = PBXTargetDependency;
			name = "evio-5.1";
			targetProxy = 4070487921DEF7E800053DEE /* PBXContainerItemProxy */;
		};
		4070489521DEF82200053DEE /* PBXTargetDependency */ = {
			isa = PBXTargetDependency;
			name = "evio-5.1";
			targetProxy = 4070489421DEF82200053DEE /* PBXContainerItemProxy */;
		};
		4070489721DEF83000053DEE /* PBXTargetDependency */ = {
			isa = PBXTargetDependency;
			target = 40E49CFD19034D3E00390847 /* EvioTool */;
			targetProxy = 4070489621DEF83000053DEE /* PBXContainerItemProxy */;
		};
		4070489921DEF83A00053DEE /* PBXTargetDependency */ = {
			isa = PBXTargetDependency;
			target = 40E49CFD19034D3E00390847 /* EvioTool */;
			targetProxy = 4070489821DEF83A00053DEE /* PBXContainerItemProxy */;
		};
		40C13D3219704840008307A1 /* PBXTargetDependency */ = {
			isa = PBXTargetDependency;
			target = 40E49CFD19034D3E00390847 /* EvioTool */;
			targetProxy = 40C13D3119704840008307A1 /* PBXContainerItemProxy */;
		};
		40C13D3619704840008307A1 /* PBXTargetDependency */ = {
			isa = PBXTargetDependency;
			target = 40E74622191B0BFC008E4235 /* HPSEvioReader_Test */;
			targetProxy = 40C13D3519704840008307A1 /* PBXContainerItemProxy */;
		};
		40C509FD22D53E6B002D8AE1 /* PBXTargetDependency */ = {
			isa = PBXTargetDependency;
			target = 40E49CFD19034D3E00390847 /* EvioTool */;
			targetProxy = 40C509FE22D53E6B002D8AE1 /* PBXContainerItemProxy */;
		};
		40C509FF22D53E6B002D8AE1 /* PBXTargetDependency */ = {
			isa = PBXTargetDependency;
			name = "evio-5.1";
			targetProxy = 40C50A0022D53E6B002D8AE1 /* PBXContainerItemProxy */;
		};
		40DAD1C2225FE92A0003C58C /* PBXTargetDependency */ = {
			isa = PBXTargetDependency;
			target = 40A1036721D29A9A0022AD2E /* HPSEvioReader */;
			targetProxy = 40DAD1C3225FE92A0003C58C /* PBXContainerItemProxy */;
		};
		40DAD1C4225FE92A0003C58C /* PBXTargetDependency */ = {
			isa = PBXTargetDependency;
			target = 40E49CFD19034D3E00390847 /* EvioTool */;
			targetProxy = 40DAD1C5225FE92A0003C58C /* PBXContainerItemProxy */;
		};
		40E7461A191B0198008E4235 /* PBXTargetDependency */ = {
			isa = PBXTargetDependency;
			target = 40E49CFD19034D3E00390847 /* EvioTool */;
			targetProxy = 40E74619191B0198008E4235 /* PBXContainerItemProxy */;
		};
		40E74630191BD2EC008E4235 /* PBXTargetDependency */ = {
			isa = PBXTargetDependency;
			target = 40E49CFD19034D3E00390847 /* EvioTool */;
			targetProxy = 40E7462F191BD2EC008E4235 /* PBXContainerItemProxy */;
		};
		40EBBBF821D468B20013747B /* PBXTargetDependency */ = {
			isa = PBXTargetDependency;
			target = 40A1036721D29A9A0022AD2E /* HPSEvioReader */;
			targetProxy = 40EBBBF721D468B20013747B /* PBXContainerItemProxy */;
		};
/* End PBXTargetDependency section */

/* Begin XCBuildConfiguration section */
		4011BB2021D7C45300256470 /* Debug */ = {
			isa = XCBuildConfiguration;
			baseConfigurationReference = 40E74618191826EB008E4235 /* programs.xcconfig */;
			buildSettings = {
				ALWAYS_SEARCH_USER_PATHS = NO;
				CLANG_ANALYZER_NONNULL = YES;
				CLANG_ANALYZER_NUMBER_OBJECT_CONVERSION = YES_AGGRESSIVE;
				CLANG_CXX_LANGUAGE_STANDARD = "gnu++14";
				CLANG_CXX_LIBRARY = "libc++";
				CLANG_ENABLE_MODULES = YES;
				CLANG_ENABLE_OBJC_ARC = YES;
				CLANG_ENABLE_OBJC_WEAK = YES;
				CLANG_WARN_BLOCK_CAPTURE_AUTORELEASING = YES;
				CLANG_WARN_BOOL_CONVERSION = YES;
				CLANG_WARN_COMMA = YES;
				CLANG_WARN_CONSTANT_CONVERSION = YES;
				CLANG_WARN_DEPRECATED_OBJC_IMPLEMENTATIONS = YES;
				CLANG_WARN_DIRECT_OBJC_ISA_USAGE = YES_ERROR;
				CLANG_WARN_DOCUMENTATION_COMMENTS = YES;
				CLANG_WARN_EMPTY_BODY = YES;
				CLANG_WARN_ENUM_CONVERSION = YES;
				CLANG_WARN_INFINITE_RECURSION = YES;
				CLANG_WARN_INT_CONVERSION = YES;
				CLANG_WARN_NON_LITERAL_NULL_CONVERSION = YES;
				CLANG_WARN_OBJC_IMPLICIT_RETAIN_SELF = YES;
				CLANG_WARN_OBJC_LITERAL_CONVERSION = YES;
				CLANG_WARN_OBJC_ROOT_CLASS = YES_ERROR;
				CLANG_WARN_RANGE_LOOP_ANALYSIS = YES;
				CLANG_WARN_STRICT_PROTOTYPES = YES;
				CLANG_WARN_SUSPICIOUS_MOVE = YES;
				CLANG_WARN_UNGUARDED_AVAILABILITY = YES_AGGRESSIVE;
				CLANG_WARN_UNREACHABLE_CODE = YES;
				CLANG_WARN__DUPLICATE_METHOD_MATCH = YES;
				CODE_SIGN_IDENTITY = "-";
				CODE_SIGN_STYLE = Automatic;
				COPY_PHASE_STRIP = NO;
				DEBUG_INFORMATION_FORMAT = dwarf;
				ENABLE_STRICT_OBJC_MSGSEND = YES;
				ENABLE_TESTABILITY = YES;
				GCC_C_LANGUAGE_STANDARD = gnu11;
				GCC_DYNAMIC_NO_PIC = NO;
				GCC_NO_COMMON_BLOCKS = YES;
				GCC_OPTIMIZATION_LEVEL = 0;
				GCC_PREPROCESSOR_DEFINITIONS = (
					"DEBUG=1",
					"$(inherited)",
				);
				GCC_WARN_64_TO_32_BIT_CONVERSION = YES;
				GCC_WARN_ABOUT_RETURN_TYPE = YES_ERROR;
				GCC_WARN_UNDECLARED_SELECTOR = YES;
				GCC_WARN_UNINITIALIZED_AUTOS = YES_AGGRESSIVE;
				GCC_WARN_UNUSED_FUNCTION = YES;
				GCC_WARN_UNUSED_VARIABLE = YES;
				MACOSX_DEPLOYMENT_TARGET = 10.14;
				MTL_ENABLE_DEBUG_INFO = INCLUDE_SOURCE;
				MTL_FAST_MATH = YES;
				ONLY_ACTIVE_ARCH = YES;
				PRODUCT_NAME = "$(TARGET_NAME)";
				SDKROOT = macosx;
			};
			name = Debug;
		};
		4011BB2121D7C45300256470 /* Release */ = {
			isa = XCBuildConfiguration;
			baseConfigurationReference = 40E74618191826EB008E4235 /* programs.xcconfig */;
			buildSettings = {
				ALWAYS_SEARCH_USER_PATHS = NO;
				CLANG_ANALYZER_NONNULL = YES;
				CLANG_ANALYZER_NUMBER_OBJECT_CONVERSION = YES_AGGRESSIVE;
				CLANG_CXX_LANGUAGE_STANDARD = "gnu++14";
				CLANG_CXX_LIBRARY = "libc++";
				CLANG_ENABLE_MODULES = YES;
				CLANG_ENABLE_OBJC_ARC = YES;
				CLANG_ENABLE_OBJC_WEAK = YES;
				CLANG_WARN_BLOCK_CAPTURE_AUTORELEASING = YES;
				CLANG_WARN_BOOL_CONVERSION = YES;
				CLANG_WARN_COMMA = YES;
				CLANG_WARN_CONSTANT_CONVERSION = YES;
				CLANG_WARN_DEPRECATED_OBJC_IMPLEMENTATIONS = YES;
				CLANG_WARN_DIRECT_OBJC_ISA_USAGE = YES_ERROR;
				CLANG_WARN_DOCUMENTATION_COMMENTS = YES;
				CLANG_WARN_EMPTY_BODY = YES;
				CLANG_WARN_ENUM_CONVERSION = YES;
				CLANG_WARN_INFINITE_RECURSION = YES;
				CLANG_WARN_INT_CONVERSION = YES;
				CLANG_WARN_NON_LITERAL_NULL_CONVERSION = YES;
				CLANG_WARN_OBJC_IMPLICIT_RETAIN_SELF = YES;
				CLANG_WARN_OBJC_LITERAL_CONVERSION = YES;
				CLANG_WARN_OBJC_ROOT_CLASS = YES_ERROR;
				CLANG_WARN_RANGE_LOOP_ANALYSIS = YES;
				CLANG_WARN_STRICT_PROTOTYPES = YES;
				CLANG_WARN_SUSPICIOUS_MOVE = YES;
				CLANG_WARN_UNGUARDED_AVAILABILITY = YES_AGGRESSIVE;
				CLANG_WARN_UNREACHABLE_CODE = YES;
				CLANG_WARN__DUPLICATE_METHOD_MATCH = YES;
				CODE_SIGN_IDENTITY = "-";
				CODE_SIGN_STYLE = Automatic;
				COPY_PHASE_STRIP = NO;
				DEBUG_INFORMATION_FORMAT = "dwarf-with-dsym";
				ENABLE_NS_ASSERTIONS = NO;
				ENABLE_STRICT_OBJC_MSGSEND = YES;
				GCC_C_LANGUAGE_STANDARD = gnu11;
				GCC_NO_COMMON_BLOCKS = YES;
				GCC_WARN_64_TO_32_BIT_CONVERSION = YES;
				GCC_WARN_ABOUT_RETURN_TYPE = YES_ERROR;
				GCC_WARN_UNDECLARED_SELECTOR = YES;
				GCC_WARN_UNINITIALIZED_AUTOS = YES_AGGRESSIVE;
				GCC_WARN_UNUSED_FUNCTION = YES;
				GCC_WARN_UNUSED_VARIABLE = YES;
				MACOSX_DEPLOYMENT_TARGET = 10.14;
				MTL_ENABLE_DEBUG_INFO = NO;
				MTL_FAST_MATH = YES;
				PRODUCT_NAME = "$(TARGET_NAME)";
				SDKROOT = macosx;
			};
			name = Release;
		};
		4024EBA121F3F1CB00FE10F0 /* Debug */ = {
			isa = XCBuildConfiguration;
			baseConfigurationReference = 40E74618191826EB008E4235 /* programs.xcconfig */;
			buildSettings = {
				PRODUCT_NAME = "$(TARGET_NAME)";
			};
			name = Debug;
		};
		4024EBA221F3F1CB00FE10F0 /* Release */ = {
			isa = XCBuildConfiguration;
			baseConfigurationReference = 40E74618191826EB008E4235 /* programs.xcconfig */;
			buildSettings = {
				PRODUCT_NAME = "$(TARGET_NAME)";
			};
			name = Release;
		};
		40A1037121D29A9B0022AD2E /* Debug */ = {
			isa = XCBuildConfiguration;
			buildSettings = {
			};
			name = Debug;
		};
		40A1037221D29A9B0022AD2E /* Release */ = {
			isa = XCBuildConfiguration;
			buildSettings = {
			};
			name = Release;
		};
		40C13D2E19704834008307A1 /* Debug */ = {
			isa = XCBuildConfiguration;
			buildSettings = {
				PRODUCT_NAME = "$(TARGET_NAME)";
			};
			name = Debug;
		};
		40C13D2F19704834008307A1 /* Release */ = {
			isa = XCBuildConfiguration;
			buildSettings = {
				PRODUCT_NAME = "$(TARGET_NAME)";
			};
			name = Release;
		};
		40C50A0822D53E6B002D8AE1 /* Debug */ = {
			isa = XCBuildConfiguration;
			baseConfigurationReference = 40E74618191826EB008E4235 /* programs.xcconfig */;
			buildSettings = {
				ALWAYS_SEARCH_USER_PATHS = NO;
				CLANG_ANALYZER_NONNULL = YES;
				CLANG_ANALYZER_NUMBER_OBJECT_CONVERSION = YES_AGGRESSIVE;
				CLANG_CXX_LANGUAGE_STANDARD = "gnu++14";
				CLANG_CXX_LIBRARY = "libc++";
				CLANG_ENABLE_MODULES = YES;
				CLANG_ENABLE_OBJC_ARC = YES;
				CLANG_ENABLE_OBJC_WEAK = YES;
				CLANG_WARN_BLOCK_CAPTURE_AUTORELEASING = YES;
				CLANG_WARN_BOOL_CONVERSION = YES;
				CLANG_WARN_COMMA = YES;
				CLANG_WARN_CONSTANT_CONVERSION = YES;
				CLANG_WARN_DEPRECATED_OBJC_IMPLEMENTATIONS = YES;
				CLANG_WARN_DIRECT_OBJC_ISA_USAGE = YES_ERROR;
				CLANG_WARN_DOCUMENTATION_COMMENTS = YES;
				CLANG_WARN_EMPTY_BODY = YES;
				CLANG_WARN_ENUM_CONVERSION = YES;
				CLANG_WARN_INFINITE_RECURSION = YES;
				CLANG_WARN_INT_CONVERSION = YES;
				CLANG_WARN_NON_LITERAL_NULL_CONVERSION = YES;
				CLANG_WARN_OBJC_IMPLICIT_RETAIN_SELF = YES;
				CLANG_WARN_OBJC_LITERAL_CONVERSION = YES;
				CLANG_WARN_OBJC_ROOT_CLASS = YES_ERROR;
				CLANG_WARN_RANGE_LOOP_ANALYSIS = YES;
				CLANG_WARN_STRICT_PROTOTYPES = YES;
				CLANG_WARN_SUSPICIOUS_MOVE = YES;
				CLANG_WARN_UNGUARDED_AVAILABILITY = YES_AGGRESSIVE;
				CLANG_WARN_UNREACHABLE_CODE = YES;
				CLANG_WARN__DUPLICATE_METHOD_MATCH = YES;
				CODE_SIGN_IDENTITY = "-";
				CODE_SIGN_STYLE = Automatic;
				COPY_PHASE_STRIP = NO;
				DEBUG_INFORMATION_FORMAT = dwarf;
				ENABLE_STRICT_OBJC_MSGSEND = YES;
				ENABLE_TESTABILITY = YES;
				GCC_C_LANGUAGE_STANDARD = gnu11;
				GCC_DYNAMIC_NO_PIC = NO;
				GCC_NO_COMMON_BLOCKS = YES;
				GCC_OPTIMIZATION_LEVEL = 0;
				GCC_PREPROCESSOR_DEFINITIONS = (
					"DEBUG=1",
					"$(inherited)",
				);
				GCC_WARN_64_TO_32_BIT_CONVERSION = YES;
				GCC_WARN_ABOUT_RETURN_TYPE = YES_ERROR;
				GCC_WARN_UNDECLARED_SELECTOR = YES;
				GCC_WARN_UNINITIALIZED_AUTOS = YES_AGGRESSIVE;
				GCC_WARN_UNUSED_FUNCTION = YES;
				GCC_WARN_UNUSED_VARIABLE = YES;
				MACOSX_DEPLOYMENT_TARGET = 10.14;
				MTL_ENABLE_DEBUG_INFO = INCLUDE_SOURCE;
				MTL_FAST_MATH = YES;
				ONLY_ACTIVE_ARCH = YES;
				PRODUCT_NAME = "$(TARGET_NAME)";
				SDKROOT = macosx;
			};
			name = Debug;
		};
		40C50A0922D53E6B002D8AE1 /* Release */ = {
			isa = XCBuildConfiguration;
			baseConfigurationReference = 40E74618191826EB008E4235 /* programs.xcconfig */;
			buildSettings = {
				ALWAYS_SEARCH_USER_PATHS = NO;
				CLANG_ANALYZER_NONNULL = YES;
				CLANG_ANALYZER_NUMBER_OBJECT_CONVERSION = YES_AGGRESSIVE;
				CLANG_CXX_LANGUAGE_STANDARD = "gnu++14";
				CLANG_CXX_LIBRARY = "libc++";
				CLANG_ENABLE_MODULES = YES;
				CLANG_ENABLE_OBJC_ARC = YES;
				CLANG_ENABLE_OBJC_WEAK = YES;
				CLANG_WARN_BLOCK_CAPTURE_AUTORELEASING = YES;
				CLANG_WARN_BOOL_CONVERSION = YES;
				CLANG_WARN_COMMA = YES;
				CLANG_WARN_CONSTANT_CONVERSION = YES;
				CLANG_WARN_DEPRECATED_OBJC_IMPLEMENTATIONS = YES;
				CLANG_WARN_DIRECT_OBJC_ISA_USAGE = YES_ERROR;
				CLANG_WARN_DOCUMENTATION_COMMENTS = YES;
				CLANG_WARN_EMPTY_BODY = YES;
				CLANG_WARN_ENUM_CONVERSION = YES;
				CLANG_WARN_INFINITE_RECURSION = YES;
				CLANG_WARN_INT_CONVERSION = YES;
				CLANG_WARN_NON_LITERAL_NULL_CONVERSION = YES;
				CLANG_WARN_OBJC_IMPLICIT_RETAIN_SELF = YES;
				CLANG_WARN_OBJC_LITERAL_CONVERSION = YES;
				CLANG_WARN_OBJC_ROOT_CLASS = YES_ERROR;
				CLANG_WARN_RANGE_LOOP_ANALYSIS = YES;
				CLANG_WARN_STRICT_PROTOTYPES = YES;
				CLANG_WARN_SUSPICIOUS_MOVE = YES;
				CLANG_WARN_UNGUARDED_AVAILABILITY = YES_AGGRESSIVE;
				CLANG_WARN_UNREACHABLE_CODE = YES;
				CLANG_WARN__DUPLICATE_METHOD_MATCH = YES;
				CODE_SIGN_IDENTITY = "-";
				CODE_SIGN_STYLE = Automatic;
				COPY_PHASE_STRIP = NO;
				DEBUG_INFORMATION_FORMAT = "dwarf-with-dsym";
				ENABLE_NS_ASSERTIONS = NO;
				ENABLE_STRICT_OBJC_MSGSEND = YES;
				GCC_C_LANGUAGE_STANDARD = gnu11;
				GCC_NO_COMMON_BLOCKS = YES;
				GCC_WARN_64_TO_32_BIT_CONVERSION = YES;
				GCC_WARN_ABOUT_RETURN_TYPE = YES_ERROR;
				GCC_WARN_UNDECLARED_SELECTOR = YES;
				GCC_WARN_UNINITIALIZED_AUTOS = YES_AGGRESSIVE;
				GCC_WARN_UNUSED_FUNCTION = YES;
				GCC_WARN_UNUSED_VARIABLE = YES;
				MACOSX_DEPLOYMENT_TARGET = 10.14;
				MTL_ENABLE_DEBUG_INFO = NO;
				MTL_FAST_MATH = YES;
				PRODUCT_NAME = "$(TARGET_NAME)";
				SDKROOT = macosx;
			};
			name = Release;
		};
		40DAD1CE225FE92A0003C58C /* Debug */ = {
			isa = XCBuildConfiguration;
			baseConfigurationReference = 40E74618191826EB008E4235 /* programs.xcconfig */;
			buildSettings = {
				PRODUCT_NAME = "$(TARGET_NAME)";
			};
			name = Debug;
		};
		40DAD1CF225FE92A0003C58C /* Release */ = {
			isa = XCBuildConfiguration;
			baseConfigurationReference = 40E74618191826EB008E4235 /* programs.xcconfig */;
			buildSettings = {
				PRODUCT_NAME = "$(TARGET_NAME)";
			};
			name = Release;
		};
		40E49D0919034D3E00390847 /* Debug */ = {
			isa = XCBuildConfiguration;
			baseConfigurationReference = 40E74617191826B8008E4235 /* EvioTool.xcconfig */;
			buildSettings = {
			};
			name = Debug;
		};
		40E49D0A19034D3E00390847 /* Release */ = {
			isa = XCBuildConfiguration;
			baseConfigurationReference = 40E74617191826B8008E4235 /* EvioTool.xcconfig */;
			buildSettings = {
			};
			name = Release;
		};
		40E49D0C19034D3E00390847 /* Debug */ = {
			isa = XCBuildConfiguration;
			buildSettings = {
				GCC_UNROLL_LOOPS = YES;
			};
			name = Debug;
		};
		40E49D0D19034D3E00390847 /* Release */ = {
			isa = XCBuildConfiguration;
			buildSettings = {
				GCC_OPTIMIZATION_LEVEL = 3;
				GCC_UNROLL_LOOPS = YES;
			};
			name = Release;
		};
		40E6BFF01917E1F400BF03CA /* Debug */ = {
			isa = XCBuildConfiguration;
			baseConfigurationReference = 40E74618191826EB008E4235 /* programs.xcconfig */;
			buildSettings = {
				GCC_PREPROCESSOR_DEFINITIONS = (
					"DEBUG=1",
					"$(inherited)",
				);
				GCC_WARN_64_TO_32_BIT_CONVERSION = YES;
				PRODUCT_NAME = "$(TARGET_NAME)";
			};
			name = Debug;
		};
		40E6BFF11917E1F400BF03CA /* Release */ = {
			isa = XCBuildConfiguration;
			baseConfigurationReference = 40E74618191826EB008E4235 /* programs.xcconfig */;
			buildSettings = {
				GCC_WARN_64_TO_32_BIT_CONVERSION = YES;
				PRODUCT_NAME = "$(TARGET_NAME)";
			};
			name = Release;
		};
		40E7462A191B0BFC008E4235 /* Debug */ = {
			isa = XCBuildConfiguration;
			baseConfigurationReference = 40E74618191826EB008E4235 /* programs.xcconfig */;
			buildSettings = {
				PRODUCT_NAME = "$(TARGET_NAME)";
			};
			name = Debug;
		};
		40E7462B191B0BFC008E4235 /* Release */ = {
			isa = XCBuildConfiguration;
			baseConfigurationReference = 40E74618191826EB008E4235 /* programs.xcconfig */;
			buildSettings = {
				PRODUCT_NAME = "$(TARGET_NAME)";
			};
			name = Release;
		};
		40E7463C191DA8F0008E4235 /* Debug */ = {
			isa = XCBuildConfiguration;
			baseConfigurationReference = 40E74618191826EB008E4235 /* programs.xcconfig */;
			buildSettings = {
				PRODUCT_NAME = "$(TARGET_NAME)";
			};
			name = Debug;
		};
		40E7463D191DA8F0008E4235 /* Release */ = {
			isa = XCBuildConfiguration;
			baseConfigurationReference = 40E74618191826EB008E4235 /* programs.xcconfig */;
			buildSettings = {
				PRODUCT_NAME = "$(TARGET_NAME)";
			};
			name = Release;
		};
/* End XCBuildConfiguration section */

/* Begin XCConfigurationList section */
		4011BB1F21D7C45300256470 /* Build configuration list for PBXNativeTarget "EvioTool_Test" */ = {
			isa = XCConfigurationList;
			buildConfigurations = (
				4011BB2021D7C45300256470 /* Debug */,
				4011BB2121D7C45300256470 /* Release */,
			);
			defaultConfigurationIsVisible = 0;
			defaultConfigurationName = Release;
		};
		4024EBA021F3F1CB00FE10F0 /* Build configuration list for PBXNativeTarget "HPSEvioReader_MT" */ = {
			isa = XCConfigurationList;
			buildConfigurations = (
				4024EBA121F3F1CB00FE10F0 /* Debug */,
				4024EBA221F3F1CB00FE10F0 /* Release */,
			);
			defaultConfigurationIsVisible = 0;
			defaultConfigurationName = Release;
		};
		40A1037021D29A9B0022AD2E /* Build configuration list for PBXNativeTarget "HPSEvioReader" */ = {
			isa = XCConfigurationList;
			buildConfigurations = (
				40A1037121D29A9B0022AD2E /* Debug */,
				40A1037221D29A9B0022AD2E /* Release */,
			);
			defaultConfigurationIsVisible = 0;
			defaultConfigurationName = Release;
		};
		40C13D3019704834008307A1 /* Build configuration list for PBXAggregateTarget "AllEvioTool" */ = {
			isa = XCConfigurationList;
			buildConfigurations = (
				40C13D2E19704834008307A1 /* Debug */,
				40C13D2F19704834008307A1 /* Release */,
			);
			defaultConfigurationIsVisible = 0;
			defaultConfigurationName = Release;
		};
		40C50A0722D53E6B002D8AE1 /* Build configuration list for PBXNativeTarget "HPS_Trigger_test" */ = {
			isa = XCConfigurationList;
			buildConfigurations = (
				40C50A0822D53E6B002D8AE1 /* Debug */,
				40C50A0922D53E6B002D8AE1 /* Release */,
			);
			defaultConfigurationIsVisible = 0;
			defaultConfigurationName = Release;
		};
		40DAD1CD225FE92A0003C58C /* Build configuration list for PBXNativeTarget "HodoEvioReader" */ = {
			isa = XCConfigurationList;
			buildConfigurations = (
				40DAD1CE225FE92A0003C58C /* Debug */,
				40DAD1CF225FE92A0003C58C /* Release */,
			);
			defaultConfigurationIsVisible = 0;
			defaultConfigurationName = Release;
		};
		40E49CF919034D3E00390847 /* Build configuration list for PBXProject "EvioTool" */ = {
			isa = XCConfigurationList;
			buildConfigurations = (
				40E49D0919034D3E00390847 /* Debug */,
				40E49D0A19034D3E00390847 /* Release */,
			);
			defaultConfigurationIsVisible = 0;
			defaultConfigurationName = Release;
		};
		40E49D0B19034D3E00390847 /* Build configuration list for PBXNativeTarget "EvioTool" */ = {
			isa = XCConfigurationList;
			buildConfigurations = (
				40E49D0C19034D3E00390847 /* Debug */,
				40E49D0D19034D3E00390847 /* Release */,
			);
			defaultConfigurationIsVisible = 0;
			defaultConfigurationName = Release;
		};
		40E6BFF21917E1F400BF03CA /* Build configuration list for PBXNativeTarget "et_evio_blaster" */ = {
			isa = XCConfigurationList;
			buildConfigurations = (
				40E6BFF01917E1F400BF03CA /* Debug */,
				40E6BFF11917E1F400BF03CA /* Release */,
			);
			defaultConfigurationIsVisible = 0;
			defaultConfigurationName = Release;
		};
		40E74629191B0BFC008E4235 /* Build configuration list for PBXNativeTarget "HPSEvioReader_Test" */ = {
			isa = XCConfigurationList;
			buildConfigurations = (
				40E7462A191B0BFC008E4235 /* Debug */,
				40E7462B191B0BFC008E4235 /* Release */,
			);
			defaultConfigurationIsVisible = 0;
			defaultConfigurationName = Release;
		};
		40E7463B191DA8F0008E4235 /* Build configuration list for PBXNativeTarget "et_evio_test_consumer" */ = {
			isa = XCConfigurationList;
			buildConfigurations = (
				40E7463C191DA8F0008E4235 /* Debug */,
				40E7463D191DA8F0008E4235 /* Release */,
			);
			defaultConfigurationIsVisible = 0;
			defaultConfigurationName = Release;
		};
/* End XCConfigurationList section */
	};
	rootObject = 40E49CF619034D3E00390847 /* Project object */;
}
